// !$*UTF8*$!
{
	archiveVersion = 1;
	classes = {
	};
	objectVersion = 46;
	objects = {

/* Begin PBXBuildFile section */
		C67E3B561E8C8ECD00BFC4B0 /* FastLoanExplainController.m in Sources */ = {isa = PBXBuildFile; fileRef = C67E3B551E8C8ECD00BFC4B0 /* FastLoanExplainController.m */; };
		C67E3B591E8C8EDD00BFC4B0 /* FastLoanExplainModel.m in Sources */ = {isa = PBXBuildFile; fileRef = C67E3B581E8C8EDD00BFC4B0 /* FastLoanExplainModel.m */; };
		C67E3B5C1E8C8EEB00BFC4B0 /* FastLoanExplainView.m in Sources */ = {isa = PBXBuildFile; fileRef = C67E3B5B1E8C8EEB00BFC4B0 /* FastLoanExplainView.m */; };
		C67E3B5F1E8C8EFD00BFC4B0 /* FastLoanExplainViewModel.m in Sources */ = {isa = PBXBuildFile; fileRef = C67E3B5E1E8C8EFD00BFC4B0 /* FastLoanExplainViewModel.m */; };
		C68BF9871E8B47EA0035E876 /* main.m in Sources */ = {isa = PBXBuildFile; fileRef = C68BF9861E8B47EA0035E876 /* main.m */; };
		C68BF98A1E8B47EA0035E876 /* AppDelegate.m in Sources */ = {isa = PBXBuildFile; fileRef = C68BF9891E8B47EA0035E876 /* AppDelegate.m */; };
		C68BF98D1E8B47EA0035E876 /* ViewController.m in Sources */ = {isa = PBXBuildFile; fileRef = C68BF98C1E8B47EA0035E876 /* ViewController.m */; };
		C68BF9901E8B47EA0035E876 /* Main.storyboard in Resources */ = {isa = PBXBuildFile; fileRef = C68BF98E1E8B47EA0035E876 /* Main.storyboard */; };
		C68BF9921E8B47EA0035E876 /* Assets.xcassets in Resources */ = {isa = PBXBuildFile; fileRef = C68BF9911E8B47EA0035E876 /* Assets.xcassets */; };
		C68BF9951E8B47EA0035E876 /* LaunchScreen.storyboard in Resources */ = {isa = PBXBuildFile; fileRef = C68BF9931E8B47EA0035E876 /* LaunchScreen.storyboard */; };
		C68BFAA01E8B4D840035E876 /* Router.m in Sources */ = {isa = PBXBuildFile; fileRef = C68BFA9F1E8B4D840035E876 /* Router.m */; };
		C68BFABF1E8B4DDC0035E876 /* Info.plist in Resources */ = {isa = PBXBuildFile; fileRef = C68BFAA51E8B4DDC0035E876 /* Info.plist */; };
		C68BFAC01E8B4DDC0035E876 /* MASCompositeConstraint.m in Sources */ = {isa = PBXBuildFile; fileRef = C68BFAA71E8B4DDC0035E876 /* MASCompositeConstraint.m */; };
		C68BFAC11E8B4DDC0035E876 /* MASConstraint.m in Sources */ = {isa = PBXBuildFile; fileRef = C68BFAAA1E8B4DDC0035E876 /* MASConstraint.m */; };
		C68BFAC21E8B4DDC0035E876 /* MASConstraintMaker.m in Sources */ = {isa = PBXBuildFile; fileRef = C68BFAAC1E8B4DDC0035E876 /* MASConstraintMaker.m */; };
		C68BFAC31E8B4DDC0035E876 /* MASLayoutConstraint.m in Sources */ = {isa = PBXBuildFile; fileRef = C68BFAAE1E8B4DDC0035E876 /* MASLayoutConstraint.m */; };
		C68BFAC41E8B4DDC0035E876 /* MASViewAttribute.m in Sources */ = {isa = PBXBuildFile; fileRef = C68BFAB21E8B4DDC0035E876 /* MASViewAttribute.m */; };
		C68BFAC51E8B4DDC0035E876 /* MASViewConstraint.m in Sources */ = {isa = PBXBuildFile; fileRef = C68BFAB41E8B4DDC0035E876 /* MASViewConstraint.m */; };
		C68BFAC61E8B4DDC0035E876 /* NSArray+MASAdditions.m in Sources */ = {isa = PBXBuildFile; fileRef = C68BFAB61E8B4DDC0035E876 /* NSArray+MASAdditions.m */; };
		C68BFAC71E8B4DDC0035E876 /* NSLayoutConstraint+MASDebugAdditions.m in Sources */ = {isa = PBXBuildFile; fileRef = C68BFAB91E8B4DDC0035E876 /* NSLayoutConstraint+MASDebugAdditions.m */; };
		C68BFAC81E8B4DDC0035E876 /* View+MASAdditions.m in Sources */ = {isa = PBXBuildFile; fileRef = C68BFABB1E8B4DDC0035E876 /* View+MASAdditions.m */; };
		C68BFAC91E8B4DDC0035E876 /* ViewController+MASAdditions.m in Sources */ = {isa = PBXBuildFile; fileRef = C68BFABE1E8B4DDC0035E876 /* ViewController+MASAdditions.m */; };
		C68BFAD11E8B551B0035E876 /* BViewController.m in Sources */ = {isa = PBXBuildFile; fileRef = C68BFAD01E8B551B0035E876 /* BViewController.m */; };
		C68BFB3E1E8B57340035E876 /* 0.png in Resources */ = {isa = PBXBuildFile; fileRef = C68BFAD41E8B57340035E876 /* 0.png */; };
		C68BFB3F1E8B57340035E876 /* 1.png in Resources */ = {isa = PBXBuildFile; fileRef = C68BFAD51E8B57340035E876 /* 1.png */; };
		C68BFB401E8B57340035E876 /* 10.png in Resources */ = {isa = PBXBuildFile; fileRef = C68BFAD61E8B57340035E876 /* 10.png */; };
		C68BFB411E8B57340035E876 /* 11.png in Resources */ = {isa = PBXBuildFile; fileRef = C68BFAD71E8B57340035E876 /* 11.png */; };
		C68BFB421E8B57340035E876 /* 12.png in Resources */ = {isa = PBXBuildFile; fileRef = C68BFAD81E8B57340035E876 /* 12.png */; };
		C68BFB431E8B57340035E876 /* 13.png in Resources */ = {isa = PBXBuildFile; fileRef = C68BFAD91E8B57340035E876 /* 13.png */; };
		C68BFB441E8B57340035E876 /* 14.png in Resources */ = {isa = PBXBuildFile; fileRef = C68BFADA1E8B57340035E876 /* 14.png */; };
		C68BFB451E8B57340035E876 /* 15.png in Resources */ = {isa = PBXBuildFile; fileRef = C68BFADB1E8B57340035E876 /* 15.png */; };
		C68BFB461E8B57340035E876 /* 16.png in Resources */ = {isa = PBXBuildFile; fileRef = C68BFADC1E8B57340035E876 /* 16.png */; };
		C68BFB471E8B57340035E876 /* 17.png in Resources */ = {isa = PBXBuildFile; fileRef = C68BFADD1E8B57340035E876 /* 17.png */; };
		C68BFB481E8B57340035E876 /* 18@2x.png in Resources */ = {isa = PBXBuildFile; fileRef = C68BFADE1E8B57340035E876 /* 18@2x.png */; };
		C68BFB491E8B57340035E876 /* 19.png in Resources */ = {isa = PBXBuildFile; fileRef = C68BFADF1E8B57340035E876 /* 19.png */; };
		C68BFB4A1E8B57340035E876 /* 2.png in Resources */ = {isa = PBXBuildFile; fileRef = C68BFAE01E8B57340035E876 /* 2.png */; };
		C68BFB4B1E8B57340035E876 /* 20.png in Resources */ = {isa = PBXBuildFile; fileRef = C68BFAE11E8B57340035E876 /* 20.png */; };
		C68BFB4C1E8B57340035E876 /* 21.png in Resources */ = {isa = PBXBuildFile; fileRef = C68BFAE21E8B57340035E876 /* 21.png */; };
		C68BFB4D1E8B57340035E876 /* 22.png in Resources */ = {isa = PBXBuildFile; fileRef = C68BFAE31E8B57340035E876 /* 22.png */; };
		C68BFB4E1E8B57340035E876 /* 23.png in Resources */ = {isa = PBXBuildFile; fileRef = C68BFAE41E8B57340035E876 /* 23.png */; };
		C68BFB4F1E8B57340035E876 /* 24.png in Resources */ = {isa = PBXBuildFile; fileRef = C68BFAE51E8B57340035E876 /* 24.png */; };
		C68BFB501E8B57340035E876 /* 25.png in Resources */ = {isa = PBXBuildFile; fileRef = C68BFAE61E8B57340035E876 /* 25.png */; };
		C68BFB511E8B57340035E876 /* 26.png in Resources */ = {isa = PBXBuildFile; fileRef = C68BFAE71E8B57340035E876 /* 26.png */; };
		C68BFB521E8B57340035E876 /* 27.png in Resources */ = {isa = PBXBuildFile; fileRef = C68BFAE81E8B57340035E876 /* 27.png */; };
		C68BFB531E8B57340035E876 /* 28.png in Resources */ = {isa = PBXBuildFile; fileRef = C68BFAE91E8B57340035E876 /* 28.png */; };
		C68BFB541E8B57340035E876 /* 29.png in Resources */ = {isa = PBXBuildFile; fileRef = C68BFAEA1E8B57340035E876 /* 29.png */; };
		C68BFB551E8B57340035E876 /* 3.png in Resources */ = {isa = PBXBuildFile; fileRef = C68BFAEB1E8B57340035E876 /* 3.png */; };
		C68BFB561E8B57340035E876 /* 30.png in Resources */ = {isa = PBXBuildFile; fileRef = C68BFAEC1E8B57340035E876 /* 30.png */; };
		C68BFB571E8B57340035E876 /* 31.png in Resources */ = {isa = PBXBuildFile; fileRef = C68BFAED1E8B57340035E876 /* 31.png */; };
		C68BFB581E8B57340035E876 /* 32.png in Resources */ = {isa = PBXBuildFile; fileRef = C68BFAEE1E8B57340035E876 /* 32.png */; };
		C68BFB591E8B57340035E876 /* 33.png in Resources */ = {isa = PBXBuildFile; fileRef = C68BFAEF1E8B57340035E876 /* 33.png */; };
		C68BFB5A1E8B57340035E876 /* 34.png in Resources */ = {isa = PBXBuildFile; fileRef = C68BFAF01E8B57340035E876 /* 34.png */; };
		C68BFB5B1E8B57340035E876 /* 35.png in Resources */ = {isa = PBXBuildFile; fileRef = C68BFAF11E8B57340035E876 /* 35.png */; };
		C68BFB5C1E8B57340035E876 /* 36.png in Resources */ = {isa = PBXBuildFile; fileRef = C68BFAF21E8B57340035E876 /* 36.png */; };
		C68BFB5D1E8B57340035E876 /* 37.png in Resources */ = {isa = PBXBuildFile; fileRef = C68BFAF31E8B57340035E876 /* 37.png */; };
		C68BFB5E1E8B57340035E876 /* 38.png in Resources */ = {isa = PBXBuildFile; fileRef = C68BFAF41E8B57340035E876 /* 38.png */; };
		C68BFB5F1E8B57340035E876 /* 39@2x.png in Resources */ = {isa = PBXBuildFile; fileRef = C68BFAF51E8B57340035E876 /* 39@2x.png */; };
		C68BFB601E8B57340035E876 /* 4.png in Resources */ = {isa = PBXBuildFile; fileRef = C68BFAF61E8B57340035E876 /* 4.png */; };
		C68BFB611E8B57340035E876 /* 40@2x.png in Resources */ = {isa = PBXBuildFile; fileRef = C68BFAF71E8B57340035E876 /* 40@2x.png */; };
		C68BFB621E8B57340035E876 /* 41.png in Resources */ = {isa = PBXBuildFile; fileRef = C68BFAF81E8B57340035E876 /* 41.png */; };
		C68BFB631E8B57340035E876 /* 42.png in Resources */ = {isa = PBXBuildFile; fileRef = C68BFAF91E8B57340035E876 /* 42.png */; };
		C68BFB641E8B57340035E876 /* 43.png in Resources */ = {isa = PBXBuildFile; fileRef = C68BFAFA1E8B57340035E876 /* 43.png */; };
		C68BFB651E8B57340035E876 /* 44.png in Resources */ = {isa = PBXBuildFile; fileRef = C68BFAFB1E8B57340035E876 /* 44.png */; };
		C68BFB661E8B57340035E876 /* 45.png in Resources */ = {isa = PBXBuildFile; fileRef = C68BFAFC1E8B57340035E876 /* 45.png */; };
		C68BFB671E8B57340035E876 /* 46.png in Resources */ = {isa = PBXBuildFile; fileRef = C68BFAFD1E8B57340035E876 /* 46.png */; };
		C68BFB681E8B57340035E876 /* 47.png in Resources */ = {isa = PBXBuildFile; fileRef = C68BFAFE1E8B57340035E876 /* 47.png */; };
		C68BFB691E8B57340035E876 /* 48.png in Resources */ = {isa = PBXBuildFile; fileRef = C68BFAFF1E8B57340035E876 /* 48.png */; };
		C68BFB6A1E8B57340035E876 /* 49.png in Resources */ = {isa = PBXBuildFile; fileRef = C68BFB001E8B57340035E876 /* 49.png */; };
		C68BFB6B1E8B57340035E876 /* 5.png in Resources */ = {isa = PBXBuildFile; fileRef = C68BFB011E8B57340035E876 /* 5.png */; };
		C68BFB6C1E8B57340035E876 /* 50.png in Resources */ = {isa = PBXBuildFile; fileRef = C68BFB021E8B57340035E876 /* 50.png */; };
		C68BFB6D1E8B57340035E876 /* 51.png in Resources */ = {isa = PBXBuildFile; fileRef = C68BFB031E8B57340035E876 /* 51.png */; };
		C68BFB6E1E8B57340035E876 /* 52.png in Resources */ = {isa = PBXBuildFile; fileRef = C68BFB041E8B57340035E876 /* 52.png */; };
		C68BFB6F1E8B57340035E876 /* 53.png in Resources */ = {isa = PBXBuildFile; fileRef = C68BFB051E8B57340035E876 /* 53.png */; };
		C68BFB701E8B57340035E876 /* 54.png in Resources */ = {isa = PBXBuildFile; fileRef = C68BFB061E8B57340035E876 /* 54.png */; };
		C68BFB711E8B57340035E876 /* 55.png in Resources */ = {isa = PBXBuildFile; fileRef = C68BFB071E8B57340035E876 /* 55.png */; };
		C68BFB721E8B57340035E876 /* 56.png in Resources */ = {isa = PBXBuildFile; fileRef = C68BFB081E8B57340035E876 /* 56.png */; };
		C68BFB731E8B57340035E876 /* 57.png in Resources */ = {isa = PBXBuildFile; fileRef = C68BFB091E8B57340035E876 /* 57.png */; };
		C68BFB741E8B57340035E876 /* 58.png in Resources */ = {isa = PBXBuildFile; fileRef = C68BFB0A1E8B57340035E876 /* 58.png */; };
		C68BFB751E8B57340035E876 /* 59.png in Resources */ = {isa = PBXBuildFile; fileRef = C68BFB0B1E8B57340035E876 /* 59.png */; };
		C68BFB761E8B57340035E876 /* 6.png in Resources */ = {isa = PBXBuildFile; fileRef = C68BFB0C1E8B57340035E876 /* 6.png */; };
		C68BFB771E8B57340035E876 /* 60.png in Resources */ = {isa = PBXBuildFile; fileRef = C68BFB0D1E8B57340035E876 /* 60.png */; };
		C68BFB781E8B57340035E876 /* 61.png in Resources */ = {isa = PBXBuildFile; fileRef = C68BFB0E1E8B57340035E876 /* 61.png */; };
		C68BFB791E8B57340035E876 /* 62.png in Resources */ = {isa = PBXBuildFile; fileRef = C68BFB0F1E8B57340035E876 /* 62.png */; };
		C68BFB7A1E8B57340035E876 /* 63.png in Resources */ = {isa = PBXBuildFile; fileRef = C68BFB101E8B57340035E876 /* 63.png */; };
		C68BFB7B1E8B57340035E876 /* 64.png in Resources */ = {isa = PBXBuildFile; fileRef = C68BFB111E8B57340035E876 /* 64.png */; };
		C68BFB7C1E8B57340035E876 /* 65.png in Resources */ = {isa = PBXBuildFile; fileRef = C68BFB121E8B57340035E876 /* 65.png */; };
		C68BFB7D1E8B57340035E876 /* 66.png in Resources */ = {isa = PBXBuildFile; fileRef = C68BFB131E8B57340035E876 /* 66.png */; };
		C68BFB7E1E8B57340035E876 /* 67.png in Resources */ = {isa = PBXBuildFile; fileRef = C68BFB141E8B57340035E876 /* 67.png */; };
		C68BFB7F1E8B57340035E876 /* 68.png in Resources */ = {isa = PBXBuildFile; fileRef = C68BFB151E8B57340035E876 /* 68.png */; };
		C68BFB801E8B57340035E876 /* 69.png in Resources */ = {isa = PBXBuildFile; fileRef = C68BFB161E8B57340035E876 /* 69.png */; };
		C68BFB811E8B57340035E876 /* 7.png in Resources */ = {isa = PBXBuildFile; fileRef = C68BFB171E8B57340035E876 /* 7.png */; };
		C68BFB821E8B57340035E876 /* 70.png in Resources */ = {isa = PBXBuildFile; fileRef = C68BFB181E8B57340035E876 /* 70.png */; };
		C68BFB831E8B57340035E876 /* 71.png in Resources */ = {isa = PBXBuildFile; fileRef = C68BFB191E8B57340035E876 /* 71.png */; };
		C68BFB841E8B57340035E876 /* 72.png in Resources */ = {isa = PBXBuildFile; fileRef = C68BFB1A1E8B57340035E876 /* 72.png */; };
		C68BFB851E8B57340035E876 /* 73.png in Resources */ = {isa = PBXBuildFile; fileRef = C68BFB1B1E8B57340035E876 /* 73.png */; };
		C68BFB861E8B57340035E876 /* 74.png in Resources */ = {isa = PBXBuildFile; fileRef = C68BFB1C1E8B57340035E876 /* 74.png */; };
		C68BFB871E8B57340035E876 /* 75.png in Resources */ = {isa = PBXBuildFile; fileRef = C68BFB1D1E8B57340035E876 /* 75.png */; };
		C68BFB881E8B57340035E876 /* 76.png in Resources */ = {isa = PBXBuildFile; fileRef = C68BFB1E1E8B57340035E876 /* 76.png */; };
		C68BFB891E8B57340035E876 /* 77.png in Resources */ = {isa = PBXBuildFile; fileRef = C68BFB1F1E8B57340035E876 /* 77.png */; };
		C68BFB8A1E8B57340035E876 /* 78.png in Resources */ = {isa = PBXBuildFile; fileRef = C68BFB201E8B57340035E876 /* 78.png */; };
		C68BFB8B1E8B57340035E876 /* 79.png in Resources */ = {isa = PBXBuildFile; fileRef = C68BFB211E8B57340035E876 /* 79.png */; };
		C68BFB8C1E8B57340035E876 /* 8.png in Resources */ = {isa = PBXBuildFile; fileRef = C68BFB221E8B57340035E876 /* 8.png */; };
		C68BFB8D1E8B57340035E876 /* 80.png in Resources */ = {isa = PBXBuildFile; fileRef = C68BFB231E8B57340035E876 /* 80.png */; };
		C68BFB8E1E8B57340035E876 /* 81.png in Resources */ = {isa = PBXBuildFile; fileRef = C68BFB241E8B57340035E876 /* 81.png */; };
		C68BFB8F1E8B57340035E876 /* 9.png in Resources */ = {isa = PBXBuildFile; fileRef = C68BFB251E8B57340035E876 /* 9.png */; };
		C68BFB901E8B57340035E876 /* 云易贷-已申请.png in Resources */ = {isa = PBXBuildFile; fileRef = C68BFB271E8B57340035E876 /* 云易贷-已申请.png */; };
		C68BFB911E8B57340035E876 /* 云易贷-提示完善个人资料.png in Resources */ = {isa = PBXBuildFile; fileRef = C68BFB281E8B57340035E876 /* 云易贷-提示完善个人资料.png */; };
		C68BFB921E8B57340035E876 /* 云易贷.png in Resources */ = {isa = PBXBuildFile; fileRef = C68BFB291E8B57340035E876 /* 云易贷.png */; };
		C68BFB931E8B57340035E876 /* 云易贷说明.png in Resources */ = {isa = PBXBuildFile; fileRef = C68BFB2A1E8B57340035E876 /* 云易贷说明.png */; };
		C68BFB941E8B57340035E876 /* 提交材料.png in Resources */ = {isa = PBXBuildFile; fileRef = C68BFB2B1E8B57340035E876 /* 提交材料.png */; };
		C68BFB951E8B57340035E876 /* 申请提交.png in Resources */ = {isa = PBXBuildFile; fileRef = C68BFB2C1E8B57340035E876 /* 申请提交.png */; };
		C68BFB961E8B57340035E876 /* 信用贷款.png in Resources */ = {isa = PBXBuildFile; fileRef = C68BFB2D1E8B57340035E876 /* 信用贷款.png */; };
		C68BFB971E8B57340035E876 /* 上传身份证.png in Resources */ = {isa = PBXBuildFile; fileRef = C68BFB2F1E8B57340035E876 /* 上传身份证.png */; };
		C68BFB981E8B57340035E876 /* 加分资料.png in Resources */ = {isa = PBXBuildFile; fileRef = C68BFB301E8B57340035E876 /* 加分资料.png */; };
		C68BFB991E8B57340035E876 /* 工作信息.png in Resources */ = {isa = PBXBuildFile; fileRef = C68BFB311E8B57340035E876 /* 工作信息.png */; };
		C68BFB9A1E8B57340035E876 /* 急速贷说明.png in Resources */ = {isa = PBXBuildFile; fileRef = C68BFB321E8B57340035E876 /* 急速贷说明.png */; };
		C68BFB9B1E8B57340035E876 /* 支持的银行卡.png in Resources */ = {isa = PBXBuildFile; fileRef = C68BFB331E8B57340035E876 /* 支持的银行卡.png */; };
		C68BFB9C1E8B57340035E876 /* 极速贷-已申请.png in Resources */ = {isa = PBXBuildFile; fileRef = C68BFB341E8B57340035E876 /* 极速贷-已申请.png */; };
		C68BFB9D1E8B57340035E876 /* 极速贷-提示完善个人资料.png in Resources */ = {isa = PBXBuildFile; fileRef = C68BFB351E8B57340035E876 /* 极速贷-提示完善个人资料.png */; };
		C68BFB9E1E8B57340035E876 /* 极速贷.png in Resources */ = {isa = PBXBuildFile; fileRef = C68BFB361E8B57340035E876 /* 极速贷.png */; };
		C68BFB9F1E8B57340035E876 /* 查看示例.png in Resources */ = {isa = PBXBuildFile; fileRef = C68BFB371E8B57340035E876 /* 查看示例.png */; };
		C68BFBA01E8B57340035E876 /* 联系信息.png in Resources */ = {isa = PBXBuildFile; fileRef = C68BFB381E8B57340035E876 /* 联系信息.png */; };
		C68BFBA11E8B57340035E876 /* 身份认证.png in Resources */ = {isa = PBXBuildFile; fileRef = C68BFB391E8B57340035E876 /* 身份认证.png */; };
		C68BFBA21E8B57340035E876 /* 运营商认证.png in Resources */ = {isa = PBXBuildFile; fileRef = C68BFB3A1E8B57340035E876 /* 运营商认证.png */; };
		C68BFBA31E8B57340035E876 /* 银行卡拍照.png in Resources */ = {isa = PBXBuildFile; fileRef = C68BFB3B1E8B57340035E876 /* 银行卡拍照.png */; };
		C68BFBA41E8B57340035E876 /* 银行卡认证.png in Resources */ = {isa = PBXBuildFile; fileRef = C68BFB3C1E8B57340035E876 /* 银行卡认证.png */; };
		C68BFBA51E8B57340035E876 /* 预留手机号说明.png in Resources */ = {isa = PBXBuildFile; fileRef = C68BFB3D1E8B57340035E876 /* 预留手机号说明.png */; };
		C68BFBAE1E8B59130035E876 /* ParentController.m in Sources */ = {isa = PBXBuildFile; fileRef = C68BFBAD1E8B59130035E876 /* ParentController.m */; };
		C68BFBB11E8B59850035E876 /* MainNavigationController.m in Sources */ = {isa = PBXBuildFile; fileRef = C68BFBB01E8B59850035E876 /* MainNavigationController.m */; };
		C68BFBB41E8B60CC0035E876 /* ParentView.m in Sources */ = {isa = PBXBuildFile; fileRef = C68BFBB31E8B60CC0035E876 /* ParentView.m */; };
		C68BFBB71E8B61730035E876 /* UnsecuredLoanView.m in Sources */ = {isa = PBXBuildFile; fileRef = C68BFBB61E8B61730035E876 /* UnsecuredLoanView.m */; };
		C68BFBBA1E8B62670035E876 /* UnsecuredLoanViewModel.m in Sources */ = {isa = PBXBuildFile; fileRef = C68BFBB91E8B62670035E876 /* UnsecuredLoanViewModel.m */; };
		C68BFBBD1E8B63A70035E876 /* UnsecuredLoanCell.m in Sources */ = {isa = PBXBuildFile; fileRef = C68BFBBC1E8B63A70035E876 /* UnsecuredLoanCell.m */; };
		C68BFBC61E8B940A0035E876 /* ParentModel.m in Sources */ = {isa = PBXBuildFile; fileRef = C68BFBC51E8B940A0035E876 /* ParentModel.m */; };
		C68BFBC91E8B94950035E876 /* UnsecuredLoanModel.m in Sources */ = {isa = PBXBuildFile; fileRef = C68BFBC81E8B94950035E876 /* UnsecuredLoanModel.m */; };
		C68BFBCC1E8B96D30035E876 /* UnsecuredLoanController.m in Sources */ = {isa = PBXBuildFile; fileRef = C68BFBCB1E8B96D30035E876 /* UnsecuredLoanController.m */; };
		C68BFBD71E8BA0B70035E876 /* FastLoanController.m in Sources */ = {isa = PBXBuildFile; fileRef = C68BFBD61E8BA0B70035E876 /* FastLoanController.m */; };
		C68BFBDA1E8BA0C90035E876 /* FastLoanModel.m in Sources */ = {isa = PBXBuildFile; fileRef = C68BFBD91E8BA0C90035E876 /* FastLoanModel.m */; };
		C68BFBDD1E8BA0D80035E876 /* FastLoanView.m in Sources */ = {isa = PBXBuildFile; fileRef = C68BFBDC1E8BA0D80035E876 /* FastLoanView.m */; };
		C68BFBE01E8BA0EA0035E876 /* FastLoanViewModel.m in Sources */ = {isa = PBXBuildFile; fileRef = C68BFBDF1E8BA0EA0035E876 /* FastLoanViewModel.m */; };
		C6A5495F1E8F4A2500F4F6B2 /* ParentMaker.m in Sources */ = {isa = PBXBuildFile; fileRef = C6A549541E8F4A2500F4F6B2 /* ParentMaker.m */; };
		C6A549601E8F4A2500F4F6B2 /* UIButton+Extension.m in Sources */ = {isa = PBXBuildFile; fileRef = C6A549561E8F4A2500F4F6B2 /* UIButton+Extension.m */; };
		C6A549611E8F4A2500F4F6B2 /* UIColor+Extension.m in Sources */ = {isa = PBXBuildFile; fileRef = C6A549581E8F4A2500F4F6B2 /* UIColor+Extension.m */; };
		C6A549621E8F4A2500F4F6B2 /* UIImage+Extension.m in Sources */ = {isa = PBXBuildFile; fileRef = C6A5495A1E8F4A2500F4F6B2 /* UIImage+Extension.m */; };
		C6A549631E8F4A2500F4F6B2 /* UILabel+Extension.m in Sources */ = {isa = PBXBuildFile; fileRef = C6A5495C1E8F4A2500F4F6B2 /* UILabel+Extension.m */; };
		C6A549641E8F4A2500F4F6B2 /* UIView+Extension.m in Sources */ = {isa = PBXBuildFile; fileRef = C6A5495E1E8F4A2500F4F6B2 /* UIView+Extension.m */; };
		C6A549671E8F52D100F4F6B2 /* UIViewController+AllPropertys.m in Sources */ = {isa = PBXBuildFile; fileRef = C6A549661E8F52D100F4F6B2 /* UIViewController+AllPropertys.m */; };
/* End PBXBuildFile section */

/* Begin PBXFileReference section */
		C67E3B541E8C8ECD00BFC4B0 /* FastLoanExplainController.h */ = {isa = PBXFileReference; fileEncoding = 4; lastKnownFileType = sourcecode.c.h; path = FastLoanExplainController.h; sourceTree = "<group>"; };
		C67E3B551E8C8ECD00BFC4B0 /* FastLoanExplainController.m */ = {isa = PBXFileReference; fileEncoding = 4; lastKnownFileType = sourcecode.c.objc; path = FastLoanExplainController.m; sourceTree = "<group>"; };
		C67E3B571E8C8EDD00BFC4B0 /* FastLoanExplainModel.h */ = {isa = PBXFileReference; fileEncoding = 4; lastKnownFileType = sourcecode.c.h; path = FastLoanExplainModel.h; sourceTree = "<group>"; };
		C67E3B581E8C8EDD00BFC4B0 /* FastLoanExplainModel.m */ = {isa = PBXFileReference; fileEncoding = 4; lastKnownFileType = sourcecode.c.objc; path = FastLoanExplainModel.m; sourceTree = "<group>"; };
		C67E3B5A1E8C8EEB00BFC4B0 /* FastLoanExplainView.h */ = {isa = PBXFileReference; fileEncoding = 4; lastKnownFileType = sourcecode.c.h; path = FastLoanExplainView.h; sourceTree = "<group>"; };
		C67E3B5B1E8C8EEB00BFC4B0 /* FastLoanExplainView.m */ = {isa = PBXFileReference; fileEncoding = 4; lastKnownFileType = sourcecode.c.objc; path = FastLoanExplainView.m; sourceTree = "<group>"; };
		C67E3B5D1E8C8EFD00BFC4B0 /* FastLoanExplainViewModel.h */ = {isa = PBXFileReference; fileEncoding = 4; lastKnownFileType = sourcecode.c.h; path = FastLoanExplainViewModel.h; sourceTree = "<group>"; };
		C67E3B5E1E8C8EFD00BFC4B0 /* FastLoanExplainViewModel.m */ = {isa = PBXFileReference; fileEncoding = 4; lastKnownFileType = sourcecode.c.objc; path = FastLoanExplainViewModel.m; sourceTree = "<group>"; };
		C68BF9821E8B47EA0035E876 /* 信用贷款.app */ = {isa = PBXFileReference; explicitFileType = wrapper.application; includeInIndex = 0; path = "信用贷款.app"; sourceTree = BUILT_PRODUCTS_DIR; };
		C68BF9861E8B47EA0035E876 /* main.m */ = {isa = PBXFileReference; lastKnownFileType = sourcecode.c.objc; path = main.m; sourceTree = "<group>"; };
		C68BF9881E8B47EA0035E876 /* AppDelegate.h */ = {isa = PBXFileReference; lastKnownFileType = sourcecode.c.h; path = AppDelegate.h; sourceTree = "<group>"; };
		C68BF9891E8B47EA0035E876 /* AppDelegate.m */ = {isa = PBXFileReference; lastKnownFileType = sourcecode.c.objc; path = AppDelegate.m; sourceTree = "<group>"; };
		C68BF98B1E8B47EA0035E876 /* ViewController.h */ = {isa = PBXFileReference; lastKnownFileType = sourcecode.c.h; path = ViewController.h; sourceTree = "<group>"; };
		C68BF98C1E8B47EA0035E876 /* ViewController.m */ = {isa = PBXFileReference; lastKnownFileType = sourcecode.c.objc; path = ViewController.m; sourceTree = "<group>"; };
		C68BF98F1E8B47EA0035E876 /* Base */ = {isa = PBXFileReference; lastKnownFileType = file.storyboard; name = Base; path = Base.lproj/Main.storyboard; sourceTree = "<group>"; };
		C68BF9911E8B47EA0035E876 /* Assets.xcassets */ = {isa = PBXFileReference; lastKnownFileType = folder.assetcatalog; path = Assets.xcassets; sourceTree = "<group>"; };
		C68BF9941E8B47EA0035E876 /* Base */ = {isa = PBXFileReference; lastKnownFileType = file.storyboard; name = Base; path = Base.lproj/LaunchScreen.storyboard; sourceTree = "<group>"; };
		C68BF9961E8B47EB0035E876 /* Info.plist */ = {isa = PBXFileReference; lastKnownFileType = text.plist.xml; path = Info.plist; sourceTree = "<group>"; };
		C68BFA9E1E8B4D840035E876 /* Router.h */ = {isa = PBXFileReference; fileEncoding = 4; lastKnownFileType = sourcecode.c.h; path = Router.h; sourceTree = "<group>"; };
		C68BFA9F1E8B4D840035E876 /* Router.m */ = {isa = PBXFileReference; fileEncoding = 4; lastKnownFileType = sourcecode.c.objc; path = Router.m; sourceTree = "<group>"; };
		C68BFAA51E8B4DDC0035E876 /* Info.plist */ = {isa = PBXFileReference; fileEncoding = 4; lastKnownFileType = text.plist.xml; path = Info.plist; sourceTree = "<group>"; };
		C68BFAA61E8B4DDC0035E876 /* MASCompositeConstraint.h */ = {isa = PBXFileReference; fileEncoding = 4; lastKnownFileType = sourcecode.c.h; path = MASCompositeConstraint.h; sourceTree = "<group>"; };
		C68BFAA71E8B4DDC0035E876 /* MASCompositeConstraint.m */ = {isa = PBXFileReference; fileEncoding = 4; lastKnownFileType = sourcecode.c.objc; path = MASCompositeConstraint.m; sourceTree = "<group>"; };
		C68BFAA81E8B4DDC0035E876 /* MASConstraint+Private.h */ = {isa = PBXFileReference; fileEncoding = 4; lastKnownFileType = sourcecode.c.h; path = "MASConstraint+Private.h"; sourceTree = "<group>"; };
		C68BFAA91E8B4DDC0035E876 /* MASConstraint.h */ = {isa = PBXFileReference; fileEncoding = 4; lastKnownFileType = sourcecode.c.h; path = MASConstraint.h; sourceTree = "<group>"; };
		C68BFAAA1E8B4DDC0035E876 /* MASConstraint.m */ = {isa = PBXFileReference; fileEncoding = 4; lastKnownFileType = sourcecode.c.objc; path = MASConstraint.m; sourceTree = "<group>"; };
		C68BFAAB1E8B4DDC0035E876 /* MASConstraintMaker.h */ = {isa = PBXFileReference; fileEncoding = 4; lastKnownFileType = sourcecode.c.h; path = MASConstraintMaker.h; sourceTree = "<group>"; };
		C68BFAAC1E8B4DDC0035E876 /* MASConstraintMaker.m */ = {isa = PBXFileReference; fileEncoding = 4; lastKnownFileType = sourcecode.c.objc; path = MASConstraintMaker.m; sourceTree = "<group>"; };
		C68BFAAD1E8B4DDC0035E876 /* MASLayoutConstraint.h */ = {isa = PBXFileReference; fileEncoding = 4; lastKnownFileType = sourcecode.c.h; path = MASLayoutConstraint.h; sourceTree = "<group>"; };
		C68BFAAE1E8B4DDC0035E876 /* MASLayoutConstraint.m */ = {isa = PBXFileReference; fileEncoding = 4; lastKnownFileType = sourcecode.c.objc; path = MASLayoutConstraint.m; sourceTree = "<group>"; };
		C68BFAAF1E8B4DDC0035E876 /* Masonry.h */ = {isa = PBXFileReference; fileEncoding = 4; lastKnownFileType = sourcecode.c.h; path = Masonry.h; sourceTree = "<group>"; };
		C68BFAB01E8B4DDC0035E876 /* MASUtilities.h */ = {isa = PBXFileReference; fileEncoding = 4; lastKnownFileType = sourcecode.c.h; path = MASUtilities.h; sourceTree = "<group>"; };
		C68BFAB11E8B4DDC0035E876 /* MASViewAttribute.h */ = {isa = PBXFileReference; fileEncoding = 4; lastKnownFileType = sourcecode.c.h; path = MASViewAttribute.h; sourceTree = "<group>"; };
		C68BFAB21E8B4DDC0035E876 /* MASViewAttribute.m */ = {isa = PBXFileReference; fileEncoding = 4; lastKnownFileType = sourcecode.c.objc; path = MASViewAttribute.m; sourceTree = "<group>"; };
		C68BFAB31E8B4DDC0035E876 /* MASViewConstraint.h */ = {isa = PBXFileReference; fileEncoding = 4; lastKnownFileType = sourcecode.c.h; path = MASViewConstraint.h; sourceTree = "<group>"; };
		C68BFAB41E8B4DDC0035E876 /* MASViewConstraint.m */ = {isa = PBXFileReference; fileEncoding = 4; lastKnownFileType = sourcecode.c.objc; path = MASViewConstraint.m; sourceTree = "<group>"; };
		C68BFAB51E8B4DDC0035E876 /* NSArray+MASAdditions.h */ = {isa = PBXFileReference; fileEncoding = 4; lastKnownFileType = sourcecode.c.h; path = "NSArray+MASAdditions.h"; sourceTree = "<group>"; };
		C68BFAB61E8B4DDC0035E876 /* NSArray+MASAdditions.m */ = {isa = PBXFileReference; fileEncoding = 4; lastKnownFileType = sourcecode.c.objc; path = "NSArray+MASAdditions.m"; sourceTree = "<group>"; };
		C68BFAB71E8B4DDC0035E876 /* NSArray+MASShorthandAdditions.h */ = {isa = PBXFileReference; fileEncoding = 4; lastKnownFileType = sourcecode.c.h; path = "NSArray+MASShorthandAdditions.h"; sourceTree = "<group>"; };
		C68BFAB81E8B4DDC0035E876 /* NSLayoutConstraint+MASDebugAdditions.h */ = {isa = PBXFileReference; fileEncoding = 4; lastKnownFileType = sourcecode.c.h; path = "NSLayoutConstraint+MASDebugAdditions.h"; sourceTree = "<group>"; };
		C68BFAB91E8B4DDC0035E876 /* NSLayoutConstraint+MASDebugAdditions.m */ = {isa = PBXFileReference; fileEncoding = 4; lastKnownFileType = sourcecode.c.objc; path = "NSLayoutConstraint+MASDebugAdditions.m"; sourceTree = "<group>"; };
		C68BFABA1E8B4DDC0035E876 /* View+MASAdditions.h */ = {isa = PBXFileReference; fileEncoding = 4; lastKnownFileType = sourcecode.c.h; path = "View+MASAdditions.h"; sourceTree = "<group>"; };
		C68BFABB1E8B4DDC0035E876 /* View+MASAdditions.m */ = {isa = PBXFileReference; fileEncoding = 4; lastKnownFileType = sourcecode.c.objc; path = "View+MASAdditions.m"; sourceTree = "<group>"; };
		C68BFABC1E8B4DDC0035E876 /* View+MASShorthandAdditions.h */ = {isa = PBXFileReference; fileEncoding = 4; lastKnownFileType = sourcecode.c.h; path = "View+MASShorthandAdditions.h"; sourceTree = "<group>"; };
		C68BFABD1E8B4DDC0035E876 /* ViewController+MASAdditions.h */ = {isa = PBXFileReference; fileEncoding = 4; lastKnownFileType = sourcecode.c.h; path = "ViewController+MASAdditions.h"; sourceTree = "<group>"; };
		C68BFABE1E8B4DDC0035E876 /* ViewController+MASAdditions.m */ = {isa = PBXFileReference; fileEncoding = 4; lastKnownFileType = sourcecode.c.objc; path = "ViewController+MASAdditions.m"; sourceTree = "<group>"; };
		C68BFACE1E8B52C00035E876 /* PrefixHeader.pch */ = {isa = PBXFileReference; fileEncoding = 4; lastKnownFileType = sourcecode.c.h; path = PrefixHeader.pch; sourceTree = "<group>"; };
		C68BFACF1E8B551B0035E876 /* BViewController.h */ = {isa = PBXFileReference; fileEncoding = 4; lastKnownFileType = sourcecode.c.h; path = BViewController.h; sourceTree = "<group>"; };
		C68BFAD01E8B551B0035E876 /* BViewController.m */ = {isa = PBXFileReference; fileEncoding = 4; lastKnownFileType = sourcecode.c.objc; path = BViewController.m; sourceTree = "<group>"; };
		C68BFAD41E8B57340035E876 /* 0.png */ = {isa = PBXFileReference; lastKnownFileType = image.png; path = 0.png; sourceTree = "<group>"; };
		C68BFAD51E8B57340035E876 /* 1.png */ = {isa = PBXFileReference; lastKnownFileType = image.png; path = 1.png; sourceTree = "<group>"; };
		C68BFAD61E8B57340035E876 /* 10.png */ = {isa = PBXFileReference; lastKnownFileType = image.png; path = 10.png; sourceTree = "<group>"; };
		C68BFAD71E8B57340035E876 /* 11.png */ = {isa = PBXFileReference; lastKnownFileType = image.png; path = 11.png; sourceTree = "<group>"; };
		C68BFAD81E8B57340035E876 /* 12.png */ = {isa = PBXFileReference; lastKnownFileType = image.png; path = 12.png; sourceTree = "<group>"; };
		C68BFAD91E8B57340035E876 /* 13.png */ = {isa = PBXFileReference; lastKnownFileType = image.png; path = 13.png; sourceTree = "<group>"; };
		C68BFADA1E8B57340035E876 /* 14.png */ = {isa = PBXFileReference; lastKnownFileType = image.png; path = 14.png; sourceTree = "<group>"; };
		C68BFADB1E8B57340035E876 /* 15.png */ = {isa = PBXFileReference; lastKnownFileType = image.png; path = 15.png; sourceTree = "<group>"; };
		C68BFADC1E8B57340035E876 /* 16.png */ = {isa = PBXFileReference; lastKnownFileType = image.png; path = 16.png; sourceTree = "<group>"; };
		C68BFADD1E8B57340035E876 /* 17.png */ = {isa = PBXFileReference; lastKnownFileType = image.png; path = 17.png; sourceTree = "<group>"; };
		C68BFADE1E8B57340035E876 /* 18@2x.png */ = {isa = PBXFileReference; lastKnownFileType = image.png; path = "18@2x.png"; sourceTree = "<group>"; };
		C68BFADF1E8B57340035E876 /* 19.png */ = {isa = PBXFileReference; lastKnownFileType = image.png; path = 19.png; sourceTree = "<group>"; };
		C68BFAE01E8B57340035E876 /* 2.png */ = {isa = PBXFileReference; lastKnownFileType = image.png; path = 2.png; sourceTree = "<group>"; };
		C68BFAE11E8B57340035E876 /* 20.png */ = {isa = PBXFileReference; lastKnownFileType = image.png; path = 20.png; sourceTree = "<group>"; };
		C68BFAE21E8B57340035E876 /* 21.png */ = {isa = PBXFileReference; lastKnownFileType = image.png; path = 21.png; sourceTree = "<group>"; };
		C68BFAE31E8B57340035E876 /* 22.png */ = {isa = PBXFileReference; lastKnownFileType = image.png; path = 22.png; sourceTree = "<group>"; };
		C68BFAE41E8B57340035E876 /* 23.png */ = {isa = PBXFileReference; lastKnownFileType = image.png; path = 23.png; sourceTree = "<group>"; };
		C68BFAE51E8B57340035E876 /* 24.png */ = {isa = PBXFileReference; lastKnownFileType = image.png; path = 24.png; sourceTree = "<group>"; };
		C68BFAE61E8B57340035E876 /* 25.png */ = {isa = PBXFileReference; lastKnownFileType = image.png; path = 25.png; sourceTree = "<group>"; };
		C68BFAE71E8B57340035E876 /* 26.png */ = {isa = PBXFileReference; lastKnownFileType = image.png; path = 26.png; sourceTree = "<group>"; };
		C68BFAE81E8B57340035E876 /* 27.png */ = {isa = PBXFileReference; lastKnownFileType = image.png; path = 27.png; sourceTree = "<group>"; };
		C68BFAE91E8B57340035E876 /* 28.png */ = {isa = PBXFileReference; lastKnownFileType = image.png; path = 28.png; sourceTree = "<group>"; };
		C68BFAEA1E8B57340035E876 /* 29.png */ = {isa = PBXFileReference; lastKnownFileType = image.png; path = 29.png; sourceTree = "<group>"; };
		C68BFAEB1E8B57340035E876 /* 3.png */ = {isa = PBXFileReference; lastKnownFileType = image.png; path = 3.png; sourceTree = "<group>"; };
		C68BFAEC1E8B57340035E876 /* 30.png */ = {isa = PBXFileReference; lastKnownFileType = image.png; path = 30.png; sourceTree = "<group>"; };
		C68BFAED1E8B57340035E876 /* 31.png */ = {isa = PBXFileReference; lastKnownFileType = image.png; path = 31.png; sourceTree = "<group>"; };
		C68BFAEE1E8B57340035E876 /* 32.png */ = {isa = PBXFileReference; lastKnownFileType = image.png; path = 32.png; sourceTree = "<group>"; };
		C68BFAEF1E8B57340035E876 /* 33.png */ = {isa = PBXFileReference; lastKnownFileType = image.png; path = 33.png; sourceTree = "<group>"; };
		C68BFAF01E8B57340035E876 /* 34.png */ = {isa = PBXFileReference; lastKnownFileType = image.png; path = 34.png; sourceTree = "<group>"; };
		C68BFAF11E8B57340035E876 /* 35.png */ = {isa = PBXFileReference; lastKnownFileType = image.png; path = 35.png; sourceTree = "<group>"; };
		C68BFAF21E8B57340035E876 /* 36.png */ = {isa = PBXFileReference; lastKnownFileType = image.png; path = 36.png; sourceTree = "<group>"; };
		C68BFAF31E8B57340035E876 /* 37.png */ = {isa = PBXFileReference; lastKnownFileType = image.png; path = 37.png; sourceTree = "<group>"; };
		C68BFAF41E8B57340035E876 /* 38.png */ = {isa = PBXFileReference; lastKnownFileType = image.png; path = 38.png; sourceTree = "<group>"; };
		C68BFAF51E8B57340035E876 /* 39@2x.png */ = {isa = PBXFileReference; lastKnownFileType = image.png; path = "39@2x.png"; sourceTree = "<group>"; };
		C68BFAF61E8B57340035E876 /* 4.png */ = {isa = PBXFileReference; lastKnownFileType = image.png; path = 4.png; sourceTree = "<group>"; };
		C68BFAF71E8B57340035E876 /* 40@2x.png */ = {isa = PBXFileReference; lastKnownFileType = image.png; path = "40@2x.png"; sourceTree = "<group>"; };
		C68BFAF81E8B57340035E876 /* 41.png */ = {isa = PBXFileReference; lastKnownFileType = image.png; path = 41.png; sourceTree = "<group>"; };
		C68BFAF91E8B57340035E876 /* 42.png */ = {isa = PBXFileReference; lastKnownFileType = image.png; path = 42.png; sourceTree = "<group>"; };
		C68BFAFA1E8B57340035E876 /* 43.png */ = {isa = PBXFileReference; lastKnownFileType = image.png; path = 43.png; sourceTree = "<group>"; };
		C68BFAFB1E8B57340035E876 /* 44.png */ = {isa = PBXFileReference; lastKnownFileType = image.png; path = 44.png; sourceTree = "<group>"; };
		C68BFAFC1E8B57340035E876 /* 45.png */ = {isa = PBXFileReference; lastKnownFileType = image.png; path = 45.png; sourceTree = "<group>"; };
		C68BFAFD1E8B57340035E876 /* 46.png */ = {isa = PBXFileReference; lastKnownFileType = image.png; path = 46.png; sourceTree = "<group>"; };
		C68BFAFE1E8B57340035E876 /* 47.png */ = {isa = PBXFileReference; lastKnownFileType = image.png; path = 47.png; sourceTree = "<group>"; };
		C68BFAFF1E8B57340035E876 /* 48.png */ = {isa = PBXFileReference; lastKnownFileType = image.png; path = 48.png; sourceTree = "<group>"; };
		C68BFB001E8B57340035E876 /* 49.png */ = {isa = PBXFileReference; lastKnownFileType = image.png; path = 49.png; sourceTree = "<group>"; };
		C68BFB011E8B57340035E876 /* 5.png */ = {isa = PBXFileReference; lastKnownFileType = image.png; path = 5.png; sourceTree = "<group>"; };
		C68BFB021E8B57340035E876 /* 50.png */ = {isa = PBXFileReference; lastKnownFileType = image.png; path = 50.png; sourceTree = "<group>"; };
		C68BFB031E8B57340035E876 /* 51.png */ = {isa = PBXFileReference; lastKnownFileType = image.png; path = 51.png; sourceTree = "<group>"; };
		C68BFB041E8B57340035E876 /* 52.png */ = {isa = PBXFileReference; lastKnownFileType = image.png; path = 52.png; sourceTree = "<group>"; };
		C68BFB051E8B57340035E876 /* 53.png */ = {isa = PBXFileReference; lastKnownFileType = image.png; path = 53.png; sourceTree = "<group>"; };
		C68BFB061E8B57340035E876 /* 54.png */ = {isa = PBXFileReference; lastKnownFileType = image.png; path = 54.png; sourceTree = "<group>"; };
		C68BFB071E8B57340035E876 /* 55.png */ = {isa = PBXFileReference; lastKnownFileType = image.png; path = 55.png; sourceTree = "<group>"; };
		C68BFB081E8B57340035E876 /* 56.png */ = {isa = PBXFileReference; lastKnownFileType = image.png; path = 56.png; sourceTree = "<group>"; };
		C68BFB091E8B57340035E876 /* 57.png */ = {isa = PBXFileReference; lastKnownFileType = image.png; path = 57.png; sourceTree = "<group>"; };
		C68BFB0A1E8B57340035E876 /* 58.png */ = {isa = PBXFileReference; lastKnownFileType = image.png; path = 58.png; sourceTree = "<group>"; };
		C68BFB0B1E8B57340035E876 /* 59.png */ = {isa = PBXFileReference; lastKnownFileType = image.png; path = 59.png; sourceTree = "<group>"; };
		C68BFB0C1E8B57340035E876 /* 6.png */ = {isa = PBXFileReference; lastKnownFileType = image.png; path = 6.png; sourceTree = "<group>"; };
		C68BFB0D1E8B57340035E876 /* 60.png */ = {isa = PBXFileReference; lastKnownFileType = image.png; path = 60.png; sourceTree = "<group>"; };
		C68BFB0E1E8B57340035E876 /* 61.png */ = {isa = PBXFileReference; lastKnownFileType = image.png; path = 61.png; sourceTree = "<group>"; };
		C68BFB0F1E8B57340035E876 /* 62.png */ = {isa = PBXFileReference; lastKnownFileType = image.png; path = 62.png; sourceTree = "<group>"; };
		C68BFB101E8B57340035E876 /* 63.png */ = {isa = PBXFileReference; lastKnownFileType = image.png; path = 63.png; sourceTree = "<group>"; };
		C68BFB111E8B57340035E876 /* 64.png */ = {isa = PBXFileReference; lastKnownFileType = image.png; path = 64.png; sourceTree = "<group>"; };
		C68BFB121E8B57340035E876 /* 65.png */ = {isa = PBXFileReference; lastKnownFileType = image.png; path = 65.png; sourceTree = "<group>"; };
		C68BFB131E8B57340035E876 /* 66.png */ = {isa = PBXFileReference; lastKnownFileType = image.png; path = 66.png; sourceTree = "<group>"; };
		C68BFB141E8B57340035E876 /* 67.png */ = {isa = PBXFileReference; lastKnownFileType = image.png; path = 67.png; sourceTree = "<group>"; };
		C68BFB151E8B57340035E876 /* 68.png */ = {isa = PBXFileReference; lastKnownFileType = image.png; path = 68.png; sourceTree = "<group>"; };
		C68BFB161E8B57340035E876 /* 69.png */ = {isa = PBXFileReference; lastKnownFileType = image.png; path = 69.png; sourceTree = "<group>"; };
		C68BFB171E8B57340035E876 /* 7.png */ = {isa = PBXFileReference; lastKnownFileType = image.png; path = 7.png; sourceTree = "<group>"; };
		C68BFB181E8B57340035E876 /* 70.png */ = {isa = PBXFileReference; lastKnownFileType = image.png; path = 70.png; sourceTree = "<group>"; };
		C68BFB191E8B57340035E876 /* 71.png */ = {isa = PBXFileReference; lastKnownFileType = image.png; path = 71.png; sourceTree = "<group>"; };
		C68BFB1A1E8B57340035E876 /* 72.png */ = {isa = PBXFileReference; lastKnownFileType = image.png; path = 72.png; sourceTree = "<group>"; };
		C68BFB1B1E8B57340035E876 /* 73.png */ = {isa = PBXFileReference; lastKnownFileType = image.png; path = 73.png; sourceTree = "<group>"; };
		C68BFB1C1E8B57340035E876 /* 74.png */ = {isa = PBXFileReference; lastKnownFileType = image.png; path = 74.png; sourceTree = "<group>"; };
		C68BFB1D1E8B57340035E876 /* 75.png */ = {isa = PBXFileReference; lastKnownFileType = image.png; path = 75.png; sourceTree = "<group>"; };
		C68BFB1E1E8B57340035E876 /* 76.png */ = {isa = PBXFileReference; lastKnownFileType = image.png; path = 76.png; sourceTree = "<group>"; };
		C68BFB1F1E8B57340035E876 /* 77.png */ = {isa = PBXFileReference; lastKnownFileType = image.png; path = 77.png; sourceTree = "<group>"; };
		C68BFB201E8B57340035E876 /* 78.png */ = {isa = PBXFileReference; lastKnownFileType = image.png; path = 78.png; sourceTree = "<group>"; };
		C68BFB211E8B57340035E876 /* 79.png */ = {isa = PBXFileReference; lastKnownFileType = image.png; path = 79.png; sourceTree = "<group>"; };
		C68BFB221E8B57340035E876 /* 8.png */ = {isa = PBXFileReference; lastKnownFileType = image.png; path = 8.png; sourceTree = "<group>"; };
		C68BFB231E8B57340035E876 /* 80.png */ = {isa = PBXFileReference; lastKnownFileType = image.png; path = 80.png; sourceTree = "<group>"; };
		C68BFB241E8B57340035E876 /* 81.png */ = {isa = PBXFileReference; lastKnownFileType = image.png; path = 81.png; sourceTree = "<group>"; };
		C68BFB251E8B57340035E876 /* 9.png */ = {isa = PBXFileReference; lastKnownFileType = image.png; path = 9.png; sourceTree = "<group>"; };
		C68BFB271E8B57340035E876 /* 云易贷-已申请.png */ = {isa = PBXFileReference; lastKnownFileType = image.png; path = "云易贷-已申请.png"; sourceTree = "<group>"; };
		C68BFB281E8B57340035E876 /* 云易贷-提示完善个人资料.png */ = {isa = PBXFileReference; lastKnownFileType = image.png; path = "云易贷-提示完善个人资料.png"; sourceTree = "<group>"; };
		C68BFB291E8B57340035E876 /* 云易贷.png */ = {isa = PBXFileReference; lastKnownFileType = image.png; path = "云易贷.png"; sourceTree = "<group>"; };
		C68BFB2A1E8B57340035E876 /* 云易贷说明.png */ = {isa = PBXFileReference; lastKnownFileType = image.png; path = "云易贷说明.png"; sourceTree = "<group>"; };
		C68BFB2B1E8B57340035E876 /* 提交材料.png */ = {isa = PBXFileReference; lastKnownFileType = image.png; path = "提交材料.png"; sourceTree = "<group>"; };
		C68BFB2C1E8B57340035E876 /* 申请提交.png */ = {isa = PBXFileReference; lastKnownFileType = image.png; path = "申请提交.png"; sourceTree = "<group>"; };
		C68BFB2D1E8B57340035E876 /* 信用贷款.png */ = {isa = PBXFileReference; lastKnownFileType = image.png; path = "信用贷款.png"; sourceTree = "<group>"; };
		C68BFB2F1E8B57340035E876 /* 上传身份证.png */ = {isa = PBXFileReference; lastKnownFileType = image.png; path = "上传身份证.png"; sourceTree = "<group>"; };
		C68BFB301E8B57340035E876 /* 加分资料.png */ = {isa = PBXFileReference; lastKnownFileType = image.png; path = "加分资料.png"; sourceTree = "<group>"; };
		C68BFB311E8B57340035E876 /* 工作信息.png */ = {isa = PBXFileReference; lastKnownFileType = image.png; path = "工作信息.png"; sourceTree = "<group>"; };
		C68BFB321E8B57340035E876 /* 急速贷说明.png */ = {isa = PBXFileReference; lastKnownFileType = image.png; path = "急速贷说明.png"; sourceTree = "<group>"; };
		C68BFB331E8B57340035E876 /* 支持的银行卡.png */ = {isa = PBXFileReference; lastKnownFileType = image.png; path = "支持的银行卡.png"; sourceTree = "<group>"; };
		C68BFB341E8B57340035E876 /* 极速贷-已申请.png */ = {isa = PBXFileReference; lastKnownFileType = image.png; path = "极速贷-已申请.png"; sourceTree = "<group>"; };
		C68BFB351E8B57340035E876 /* 极速贷-提示完善个人资料.png */ = {isa = PBXFileReference; lastKnownFileType = image.png; path = "极速贷-提示完善个人资料.png"; sourceTree = "<group>"; };
		C68BFB361E8B57340035E876 /* 极速贷.png */ = {isa = PBXFileReference; lastKnownFileType = image.png; path = "极速贷.png"; sourceTree = "<group>"; };
		C68BFB371E8B57340035E876 /* 查看示例.png */ = {isa = PBXFileReference; lastKnownFileType = image.png; path = "查看示例.png"; sourceTree = "<group>"; };
		C68BFB381E8B57340035E876 /* 联系信息.png */ = {isa = PBXFileReference; lastKnownFileType = image.png; path = "联系信息.png"; sourceTree = "<group>"; };
		C68BFB391E8B57340035E876 /* 身份认证.png */ = {isa = PBXFileReference; lastKnownFileType = image.png; path = "身份认证.png"; sourceTree = "<group>"; };
		C68BFB3A1E8B57340035E876 /* 运营商认证.png */ = {isa = PBXFileReference; lastKnownFileType = image.png; path = "运营商认证.png"; sourceTree = "<group>"; };
		C68BFB3B1E8B57340035E876 /* 银行卡拍照.png */ = {isa = PBXFileReference; lastKnownFileType = image.png; path = "银行卡拍照.png"; sourceTree = "<group>"; };
		C68BFB3C1E8B57340035E876 /* 银行卡认证.png */ = {isa = PBXFileReference; lastKnownFileType = image.png; path = "银行卡认证.png"; sourceTree = "<group>"; };
		C68BFB3D1E8B57340035E876 /* 预留手机号说明.png */ = {isa = PBXFileReference; lastKnownFileType = image.png; path = "预留手机号说明.png"; sourceTree = "<group>"; };
		C68BFBAC1E8B59130035E876 /* ParentController.h */ = {isa = PBXFileReference; fileEncoding = 4; lastKnownFileType = sourcecode.c.h; path = ParentController.h; sourceTree = "<group>"; };
		C68BFBAD1E8B59130035E876 /* ParentController.m */ = {isa = PBXFileReference; fileEncoding = 4; lastKnownFileType = sourcecode.c.objc; path = ParentController.m; sourceTree = "<group>"; };
		C68BFBAF1E8B59850035E876 /* MainNavigationController.h */ = {isa = PBXFileReference; fileEncoding = 4; lastKnownFileType = sourcecode.c.h; path = MainNavigationController.h; sourceTree = "<group>"; };
		C68BFBB01E8B59850035E876 /* MainNavigationController.m */ = {isa = PBXFileReference; fileEncoding = 4; lastKnownFileType = sourcecode.c.objc; path = MainNavigationController.m; sourceTree = "<group>"; };
		C68BFBB21E8B60CC0035E876 /* ParentView.h */ = {isa = PBXFileReference; fileEncoding = 4; lastKnownFileType = sourcecode.c.h; path = ParentView.h; sourceTree = "<group>"; };
		C68BFBB31E8B60CC0035E876 /* ParentView.m */ = {isa = PBXFileReference; fileEncoding = 4; lastKnownFileType = sourcecode.c.objc; path = ParentView.m; sourceTree = "<group>"; };
		C68BFBB51E8B61730035E876 /* UnsecuredLoanView.h */ = {isa = PBXFileReference; fileEncoding = 4; lastKnownFileType = sourcecode.c.h; path = UnsecuredLoanView.h; sourceTree = "<group>"; };
		C68BFBB61E8B61730035E876 /* UnsecuredLoanView.m */ = {isa = PBXFileReference; fileEncoding = 4; lastKnownFileType = sourcecode.c.objc; path = UnsecuredLoanView.m; sourceTree = "<group>"; };
		C68BFBB81E8B62670035E876 /* UnsecuredLoanViewModel.h */ = {isa = PBXFileReference; fileEncoding = 4; lastKnownFileType = sourcecode.c.h; path = UnsecuredLoanViewModel.h; sourceTree = "<group>"; };
		C68BFBB91E8B62670035E876 /* UnsecuredLoanViewModel.m */ = {isa = PBXFileReference; fileEncoding = 4; lastKnownFileType = sourcecode.c.objc; path = UnsecuredLoanViewModel.m; sourceTree = "<group>"; };
		C68BFBBB1E8B63A70035E876 /* UnsecuredLoanCell.h */ = {isa = PBXFileReference; fileEncoding = 4; lastKnownFileType = sourcecode.c.h; path = UnsecuredLoanCell.h; sourceTree = "<group>"; };
		C68BFBBC1E8B63A70035E876 /* UnsecuredLoanCell.m */ = {isa = PBXFileReference; fileEncoding = 4; lastKnownFileType = sourcecode.c.objc; path = UnsecuredLoanCell.m; sourceTree = "<group>"; };
		C68BFBC41E8B940A0035E876 /* ParentModel.h */ = {isa = PBXFileReference; fileEncoding = 4; lastKnownFileType = sourcecode.c.h; path = ParentModel.h; sourceTree = "<group>"; };
		C68BFBC51E8B940A0035E876 /* ParentModel.m */ = {isa = PBXFileReference; fileEncoding = 4; lastKnownFileType = sourcecode.c.objc; path = ParentModel.m; sourceTree = "<group>"; };
		C68BFBC71E8B94950035E876 /* UnsecuredLoanModel.h */ = {isa = PBXFileReference; fileEncoding = 4; lastKnownFileType = sourcecode.c.h; path = UnsecuredLoanModel.h; sourceTree = "<group>"; };
		C68BFBC81E8B94950035E876 /* UnsecuredLoanModel.m */ = {isa = PBXFileReference; fileEncoding = 4; lastKnownFileType = sourcecode.c.objc; path = UnsecuredLoanModel.m; sourceTree = "<group>"; };
		C68BFBCA1E8B96D30035E876 /* UnsecuredLoanController.h */ = {isa = PBXFileReference; fileEncoding = 4; lastKnownFileType = sourcecode.c.h; path = UnsecuredLoanController.h; sourceTree = "<group>"; };
		C68BFBCB1E8B96D30035E876 /* UnsecuredLoanController.m */ = {isa = PBXFileReference; fileEncoding = 4; lastKnownFileType = sourcecode.c.objc; path = UnsecuredLoanController.m; sourceTree = "<group>"; };
		C68BFBD51E8BA0B70035E876 /* FastLoanController.h */ = {isa = PBXFileReference; fileEncoding = 4; lastKnownFileType = sourcecode.c.h; path = FastLoanController.h; sourceTree = "<group>"; };
		C68BFBD61E8BA0B70035E876 /* FastLoanController.m */ = {isa = PBXFileReference; fileEncoding = 4; lastKnownFileType = sourcecode.c.objc; path = FastLoanController.m; sourceTree = "<group>"; };
		C68BFBD81E8BA0C90035E876 /* FastLoanModel.h */ = {isa = PBXFileReference; fileEncoding = 4; lastKnownFileType = sourcecode.c.h; path = FastLoanModel.h; sourceTree = "<group>"; };
		C68BFBD91E8BA0C90035E876 /* FastLoanModel.m */ = {isa = PBXFileReference; fileEncoding = 4; lastKnownFileType = sourcecode.c.objc; path = FastLoanModel.m; sourceTree = "<group>"; };
		C68BFBDB1E8BA0D80035E876 /* FastLoanView.h */ = {isa = PBXFileReference; fileEncoding = 4; lastKnownFileType = sourcecode.c.h; path = FastLoanView.h; sourceTree = "<group>"; };
		C68BFBDC1E8BA0D80035E876 /* FastLoanView.m */ = {isa = PBXFileReference; fileEncoding = 4; lastKnownFileType = sourcecode.c.objc; path = FastLoanView.m; sourceTree = "<group>"; };
		C68BFBDE1E8BA0EA0035E876 /* FastLoanViewModel.h */ = {isa = PBXFileReference; fileEncoding = 4; lastKnownFileType = sourcecode.c.h; path = FastLoanViewModel.h; sourceTree = "<group>"; };
		C68BFBDF1E8BA0EA0035E876 /* FastLoanViewModel.m */ = {isa = PBXFileReference; fileEncoding = 4; lastKnownFileType = sourcecode.c.objc; path = FastLoanViewModel.m; sourceTree = "<group>"; };
		C6A549521E8F4A2500F4F6B2 /* OC_UIExtension.h */ = {isa = PBXFileReference; fileEncoding = 4; lastKnownFileType = sourcecode.c.h; path = OC_UIExtension.h; sourceTree = "<group>"; };
		C6A549531E8F4A2500F4F6B2 /* ParentMaker.h */ = {isa = PBXFileReference; fileEncoding = 4; lastKnownFileType = sourcecode.c.h; path = ParentMaker.h; sourceTree = "<group>"; };
		C6A549541E8F4A2500F4F6B2 /* ParentMaker.m */ = {isa = PBXFileReference; fileEncoding = 4; lastKnownFileType = sourcecode.c.objc; path = ParentMaker.m; sourceTree = "<group>"; };
		C6A549551E8F4A2500F4F6B2 /* UIButton+Extension.h */ = {isa = PBXFileReference; fileEncoding = 4; lastKnownFileType = sourcecode.c.h; path = "UIButton+Extension.h"; sourceTree = "<group>"; };
		C6A549561E8F4A2500F4F6B2 /* UIButton+Extension.m */ = {isa = PBXFileReference; fileEncoding = 4; lastKnownFileType = sourcecode.c.objc; path = "UIButton+Extension.m"; sourceTree = "<group>"; };
		C6A549571E8F4A2500F4F6B2 /* UIColor+Extension.h */ = {isa = PBXFileReference; fileEncoding = 4; lastKnownFileType = sourcecode.c.h; path = "UIColor+Extension.h"; sourceTree = "<group>"; };
		C6A549581E8F4A2500F4F6B2 /* UIColor+Extension.m */ = {isa = PBXFileReference; fileEncoding = 4; lastKnownFileType = sourcecode.c.objc; path = "UIColor+Extension.m"; sourceTree = "<group>"; };
		C6A549591E8F4A2500F4F6B2 /* UIImage+Extension.h */ = {isa = PBXFileReference; fileEncoding = 4; lastKnownFileType = sourcecode.c.h; path = "UIImage+Extension.h"; sourceTree = "<group>"; };
		C6A5495A1E8F4A2500F4F6B2 /* UIImage+Extension.m */ = {isa = PBXFileReference; fileEncoding = 4; lastKnownFileType = sourcecode.c.objc; path = "UIImage+Extension.m"; sourceTree = "<group>"; };
		C6A5495B1E8F4A2500F4F6B2 /* UILabel+Extension.h */ = {isa = PBXFileReference; fileEncoding = 4; lastKnownFileType = sourcecode.c.h; path = "UILabel+Extension.h"; sourceTree = "<group>"; };
		C6A5495C1E8F4A2500F4F6B2 /* UILabel+Extension.m */ = {isa = PBXFileReference; fileEncoding = 4; lastKnownFileType = sourcecode.c.objc; path = "UILabel+Extension.m"; sourceTree = "<group>"; };
		C6A5495D1E8F4A2500F4F6B2 /* UIView+Extension.h */ = {isa = PBXFileReference; fileEncoding = 4; lastKnownFileType = sourcecode.c.h; path = "UIView+Extension.h"; sourceTree = "<group>"; };
		C6A5495E1E8F4A2500F4F6B2 /* UIView+Extension.m */ = {isa = PBXFileReference; fileEncoding = 4; lastKnownFileType = sourcecode.c.objc; path = "UIView+Extension.m"; sourceTree = "<group>"; };
		C6A549651E8F52D100F4F6B2 /* UIViewController+AllPropertys.h */ = {isa = PBXFileReference; fileEncoding = 4; lastKnownFileType = sourcecode.c.h; path = "UIViewController+AllPropertys.h"; sourceTree = "<group>"; };
		C6A549661E8F52D100F4F6B2 /* UIViewController+AllPropertys.m */ = {isa = PBXFileReference; fileEncoding = 4; lastKnownFileType = sourcecode.c.objc; path = "UIViewController+AllPropertys.m"; sourceTree = "<group>"; };
/* End PBXFileReference section */

/* Begin PBXFrameworksBuildPhase section */
		C68BF97F1E8B47EA0035E876 /* Frameworks */ = {
			isa = PBXFrameworksBuildPhase;
			buildActionMask = 2147483647;
			files = (
			);
			runOnlyForDeploymentPostprocessing = 0;
		};
/* End PBXFrameworksBuildPhase section */

/* Begin PBXGroup section */
		C67E3B4F1E8C8E3700BFC4B0 /* FastLoanExplain(极速贷说明) */ = {
			isa = PBXGroup;
			children = (
				C67E3B501E8C8E3700BFC4B0 /* Controller */,
				C67E3B511E8C8E3700BFC4B0 /* Model */,
				C67E3B521E8C8E3700BFC4B0 /* View */,
				C67E3B531E8C8E3700BFC4B0 /* ViewModel */,
			);
			name = "FastLoanExplain(极速贷说明)";
			path = FastLoanExplain;
			sourceTree = "<group>";
		};
		C67E3B501E8C8E3700BFC4B0 /* Controller */ = {
			isa = PBXGroup;
			children = (
				C67E3B541E8C8ECD00BFC4B0 /* FastLoanExplainController.h */,
				C67E3B551E8C8ECD00BFC4B0 /* FastLoanExplainController.m */,
			);
			path = Controller;
			sourceTree = "<group>";
		};
		C67E3B511E8C8E3700BFC4B0 /* Model */ = {
			isa = PBXGroup;
			children = (
				C67E3B571E8C8EDD00BFC4B0 /* FastLoanExplainModel.h */,
				C67E3B581E8C8EDD00BFC4B0 /* FastLoanExplainModel.m */,
			);
			path = Model;
			sourceTree = "<group>";
		};
		C67E3B521E8C8E3700BFC4B0 /* View */ = {
			isa = PBXGroup;
			children = (
				C67E3B5A1E8C8EEB00BFC4B0 /* FastLoanExplainView.h */,
				C67E3B5B1E8C8EEB00BFC4B0 /* FastLoanExplainView.m */,
			);
			path = View;
			sourceTree = "<group>";
		};
		C67E3B531E8C8E3700BFC4B0 /* ViewModel */ = {
			isa = PBXGroup;
			children = (
				C67E3B5D1E8C8EFD00BFC4B0 /* FastLoanExplainViewModel.h */,
				C67E3B5E1E8C8EFD00BFC4B0 /* FastLoanExplainViewModel.m */,
			);
			path = ViewModel;
			sourceTree = "<group>";
		};
		C68BF9791E8B47EA0035E876 = {
			isa = PBXGroup;
			children = (
				C68BF9841E8B47EA0035E876 /* 信用贷款 */,
				C68BF9831E8B47EA0035E876 /* Products */,
			);
			sourceTree = "<group>";
		};
		C68BF9831E8B47EA0035E876 /* Products */ = {
			isa = PBXGroup;
			children = (
				C68BF9821E8B47EA0035E876 /* 信用贷款.app */,
			);
			name = Products;
			sourceTree = "<group>";
		};
		C68BF9841E8B47EA0035E876 /* 信用贷款 */ = {
			isa = PBXGroup;
			children = (
				C68BFBA61E8B57F50035E876 /* Class */,
				C68BFAD21E8B57340035E876 /* Resource 上午10.43.59 */,
				C68BFAA11E8B4DB00035E876 /* Tools */,
				C68BF9C21E8B487E0035E876 /* Router */,
				C68BF9881E8B47EA0035E876 /* AppDelegate.h */,
				C68BF9891E8B47EA0035E876 /* AppDelegate.m */,
				C68BF98B1E8B47EA0035E876 /* ViewController.h */,
				C68BF98C1E8B47EA0035E876 /* ViewController.m */,
				C68BFBAC1E8B59130035E876 /* ParentController.h */,
				C68BFBAD1E8B59130035E876 /* ParentController.m */,
				C68BFBC41E8B940A0035E876 /* ParentModel.h */,
				C68BFBC51E8B940A0035E876 /* ParentModel.m */,
				C68BFBB21E8B60CC0035E876 /* ParentView.h */,
				C68BFBB31E8B60CC0035E876 /* ParentView.m */,
				C68BFBAF1E8B59850035E876 /* MainNavigationController.h */,
				C68BFBB01E8B59850035E876 /* MainNavigationController.m */,
				C68BFACF1E8B551B0035E876 /* BViewController.h */,
				C68BFAD01E8B551B0035E876 /* BViewController.m */,
				C68BFACE1E8B52C00035E876 /* PrefixHeader.pch */,
				C68BF98E1E8B47EA0035E876 /* Main.storyboard */,
				C68BF9911E8B47EA0035E876 /* Assets.xcassets */,
				C68BF9931E8B47EA0035E876 /* LaunchScreen.storyboard */,
				C68BF9961E8B47EB0035E876 /* Info.plist */,
				C68BF9851E8B47EA0035E876 /* Supporting Files */,
			);
			path = "信用贷款";
			sourceTree = "<group>";
		};
		C68BF9851E8B47EA0035E876 /* Supporting Files */ = {
			isa = PBXGroup;
			children = (
				C68BF9861E8B47EA0035E876 /* main.m */,
			);
			name = "Supporting Files";
			sourceTree = "<group>";
		};
		C68BF9C21E8B487E0035E876 /* Router */ = {
			isa = PBXGroup;
			children = (
				C68BFA9E1E8B4D840035E876 /* Router.h */,
				C68BFA9F1E8B4D840035E876 /* Router.m */,
			);
			path = Router;
			sourceTree = "<group>";
		};
		C68BFAA11E8B4DB00035E876 /* Tools */ = {
			isa = PBXGroup;
			children = (
				C6A549511E8F4A2500F4F6B2 /* Resource */,
				C68BFAA31E8B4DB00035E876 /* ThirdLibs */,
			);
			path = Tools;
			sourceTree = "<group>";
		};
		C68BFAA31E8B4DB00035E876 /* ThirdLibs */ = {
			isa = PBXGroup;
			children = (
				C68BFAA41E8B4DDC0035E876 /* Masonry */,
			);
			path = ThirdLibs;
			sourceTree = "<group>";
		};
		C68BFAA41E8B4DDC0035E876 /* Masonry */ = {
			isa = PBXGroup;
			children = (
				C68BFAA51E8B4DDC0035E876 /* Info.plist */,
				C68BFAA61E8B4DDC0035E876 /* MASCompositeConstraint.h */,
				C68BFAA71E8B4DDC0035E876 /* MASCompositeConstraint.m */,
				C68BFAA81E8B4DDC0035E876 /* MASConstraint+Private.h */,
				C68BFAA91E8B4DDC0035E876 /* MASConstraint.h */,
				C68BFAAA1E8B4DDC0035E876 /* MASConstraint.m */,
				C68BFAAB1E8B4DDC0035E876 /* MASConstraintMaker.h */,
				C68BFAAC1E8B4DDC0035E876 /* MASConstraintMaker.m */,
				C68BFAAD1E8B4DDC0035E876 /* MASLayoutConstraint.h */,
				C68BFAAE1E8B4DDC0035E876 /* MASLayoutConstraint.m */,
				C68BFAAF1E8B4DDC0035E876 /* Masonry.h */,
				C68BFAB01E8B4DDC0035E876 /* MASUtilities.h */,
				C68BFAB11E8B4DDC0035E876 /* MASViewAttribute.h */,
				C68BFAB21E8B4DDC0035E876 /* MASViewAttribute.m */,
				C68BFAB31E8B4DDC0035E876 /* MASViewConstraint.h */,
				C68BFAB41E8B4DDC0035E876 /* MASViewConstraint.m */,
				C68BFAB51E8B4DDC0035E876 /* NSArray+MASAdditions.h */,
				C68BFAB61E8B4DDC0035E876 /* NSArray+MASAdditions.m */,
				C68BFAB71E8B4DDC0035E876 /* NSArray+MASShorthandAdditions.h */,
				C68BFAB81E8B4DDC0035E876 /* NSLayoutConstraint+MASDebugAdditions.h */,
				C68BFAB91E8B4DDC0035E876 /* NSLayoutConstraint+MASDebugAdditions.m */,
				C68BFABA1E8B4DDC0035E876 /* View+MASAdditions.h */,
				C68BFABB1E8B4DDC0035E876 /* View+MASAdditions.m */,
				C68BFABC1E8B4DDC0035E876 /* View+MASShorthandAdditions.h */,
				C68BFABD1E8B4DDC0035E876 /* ViewController+MASAdditions.h */,
				C68BFABE1E8B4DDC0035E876 /* ViewController+MASAdditions.m */,
			);
			path = Masonry;
			sourceTree = "<group>";
		};
		C68BFAD21E8B57340035E876 /* Resource 上午10.43.59 */ = {
			isa = PBXGroup;
			children = (
				C68BFAD31E8B57340035E876 /* MYBANK切图 */,
				C68BFB261E8B57340035E876 /* 云易贷 */,
				C68BFB2D1E8B57340035E876 /* 信用贷款.png */,
				C68BFB2E1E8B57340035E876 /* 急速贷 */,
			);
			path = "Resource 上午10.43.59";
			sourceTree = "<group>";
		};
		C68BFAD31E8B57340035E876 /* MYBANK切图 */ = {
			isa = PBXGroup;
			children = (
				C68BFAD41E8B57340035E876 /* 0.png */,
				C68BFAD51E8B57340035E876 /* 1.png */,
				C68BFAD61E8B57340035E876 /* 10.png */,
				C68BFAD71E8B57340035E876 /* 11.png */,
				C68BFAD81E8B57340035E876 /* 12.png */,
				C68BFAD91E8B57340035E876 /* 13.png */,
				C68BFADA1E8B57340035E876 /* 14.png */,
				C68BFADB1E8B57340035E876 /* 15.png */,
				C68BFADC1E8B57340035E876 /* 16.png */,
				C68BFADD1E8B57340035E876 /* 17.png */,
				C68BFADE1E8B57340035E876 /* 18@2x.png */,
				C68BFADF1E8B57340035E876 /* 19.png */,
				C68BFAE01E8B57340035E876 /* 2.png */,
				C68BFAE11E8B57340035E876 /* 20.png */,
				C68BFAE21E8B57340035E876 /* 21.png */,
				C68BFAE31E8B57340035E876 /* 22.png */,
				C68BFAE41E8B57340035E876 /* 23.png */,
				C68BFAE51E8B57340035E876 /* 24.png */,
				C68BFAE61E8B57340035E876 /* 25.png */,
				C68BFAE71E8B57340035E876 /* 26.png */,
				C68BFAE81E8B57340035E876 /* 27.png */,
				C68BFAE91E8B57340035E876 /* 28.png */,
				C68BFAEA1E8B57340035E876 /* 29.png */,
				C68BFAEB1E8B57340035E876 /* 3.png */,
				C68BFAEC1E8B57340035E876 /* 30.png */,
				C68BFAED1E8B57340035E876 /* 31.png */,
				C68BFAEE1E8B57340035E876 /* 32.png */,
				C68BFAEF1E8B57340035E876 /* 33.png */,
				C68BFAF01E8B57340035E876 /* 34.png */,
				C68BFAF11E8B57340035E876 /* 35.png */,
				C68BFAF21E8B57340035E876 /* 36.png */,
				C68BFAF31E8B57340035E876 /* 37.png */,
				C68BFAF41E8B57340035E876 /* 38.png */,
				C68BFAF51E8B57340035E876 /* 39@2x.png */,
				C68BFAF61E8B57340035E876 /* 4.png */,
				C68BFAF71E8B57340035E876 /* 40@2x.png */,
				C68BFAF81E8B57340035E876 /* 41.png */,
				C68BFAF91E8B57340035E876 /* 42.png */,
				C68BFAFA1E8B57340035E876 /* 43.png */,
				C68BFAFB1E8B57340035E876 /* 44.png */,
				C68BFAFC1E8B57340035E876 /* 45.png */,
				C68BFAFD1E8B57340035E876 /* 46.png */,
				C68BFAFE1E8B57340035E876 /* 47.png */,
				C68BFAFF1E8B57340035E876 /* 48.png */,
				C68BFB001E8B57340035E876 /* 49.png */,
				C68BFB011E8B57340035E876 /* 5.png */,
				C68BFB021E8B57340035E876 /* 50.png */,
				C68BFB031E8B57340035E876 /* 51.png */,
				C68BFB041E8B57340035E876 /* 52.png */,
				C68BFB051E8B57340035E876 /* 53.png */,
				C68BFB061E8B57340035E876 /* 54.png */,
				C68BFB071E8B57340035E876 /* 55.png */,
				C68BFB081E8B57340035E876 /* 56.png */,
				C68BFB091E8B57340035E876 /* 57.png */,
				C68BFB0A1E8B57340035E876 /* 58.png */,
				C68BFB0B1E8B57340035E876 /* 59.png */,
				C68BFB0C1E8B57340035E876 /* 6.png */,
				C68BFB0D1E8B57340035E876 /* 60.png */,
				C68BFB0E1E8B57340035E876 /* 61.png */,
				C68BFB0F1E8B57340035E876 /* 62.png */,
				C68BFB101E8B57340035E876 /* 63.png */,
				C68BFB111E8B57340035E876 /* 64.png */,
				C68BFB121E8B57340035E876 /* 65.png */,
				C68BFB131E8B57340035E876 /* 66.png */,
				C68BFB141E8B57340035E876 /* 67.png */,
				C68BFB151E8B57340035E876 /* 68.png */,
				C68BFB161E8B57340035E876 /* 69.png */,
				C68BFB171E8B57340035E876 /* 7.png */,
				C68BFB181E8B57340035E876 /* 70.png */,
				C68BFB191E8B57340035E876 /* 71.png */,
				C68BFB1A1E8B57340035E876 /* 72.png */,
				C68BFB1B1E8B57340035E876 /* 73.png */,
				C68BFB1C1E8B57340035E876 /* 74.png */,
				C68BFB1D1E8B57340035E876 /* 75.png */,
				C68BFB1E1E8B57340035E876 /* 76.png */,
				C68BFB1F1E8B57340035E876 /* 77.png */,
				C68BFB201E8B57340035E876 /* 78.png */,
				C68BFB211E8B57340035E876 /* 79.png */,
				C68BFB221E8B57340035E876 /* 8.png */,
				C68BFB231E8B57340035E876 /* 80.png */,
				C68BFB241E8B57340035E876 /* 81.png */,
				C68BFB251E8B57340035E876 /* 9.png */,
			);
			path = "MYBANK切图";
			sourceTree = "<group>";
		};
		C68BFB261E8B57340035E876 /* 云易贷 */ = {
			isa = PBXGroup;
			children = (
				C68BFB271E8B57340035E876 /* 云易贷-已申请.png */,
				C68BFB281E8B57340035E876 /* 云易贷-提示完善个人资料.png */,
				C68BFB291E8B57340035E876 /* 云易贷.png */,
				C68BFB2A1E8B57340035E876 /* 云易贷说明.png */,
				C68BFB2B1E8B57340035E876 /* 提交材料.png */,
				C68BFB2C1E8B57340035E876 /* 申请提交.png */,
			);
			path = "云易贷";
			sourceTree = "<group>";
		};
		C68BFB2E1E8B57340035E876 /* 急速贷 */ = {
			isa = PBXGroup;
			children = (
				C68BFB2F1E8B57340035E876 /* 上传身份证.png */,
				C68BFB301E8B57340035E876 /* 加分资料.png */,
				C68BFB311E8B57340035E876 /* 工作信息.png */,
				C68BFB321E8B57340035E876 /* 急速贷说明.png */,
				C68BFB331E8B57340035E876 /* 支持的银行卡.png */,
				C68BFB341E8B57340035E876 /* 极速贷-已申请.png */,
				C68BFB351E8B57340035E876 /* 极速贷-提示完善个人资料.png */,
				C68BFB361E8B57340035E876 /* 极速贷.png */,
				C68BFB371E8B57340035E876 /* 查看示例.png */,
				C68BFB381E8B57340035E876 /* 联系信息.png */,
				C68BFB391E8B57340035E876 /* 身份认证.png */,
				C68BFB3A1E8B57340035E876 /* 运营商认证.png */,
				C68BFB3B1E8B57340035E876 /* 银行卡拍照.png */,
				C68BFB3C1E8B57340035E876 /* 银行卡认证.png */,
				C68BFB3D1E8B57340035E876 /* 预留手机号说明.png */,
			);
			path = "急速贷";
			sourceTree = "<group>";
		};
		C68BFBA61E8B57F50035E876 /* Class */ = {
			isa = PBXGroup;
			children = (
				C67E3B4F1E8C8E3700BFC4B0 /* FastLoanExplain(极速贷说明) */,
				C68BFBD01E8BA0880035E876 /* FastLoan(极速贷主页) */,
				C68BFBA71E8B57F50035E876 /* UnsecuredLoanMainPage(信用贷款主页) */,
			);
			path = Class;
			sourceTree = "<group>";
		};
		C68BFBA71E8B57F50035E876 /* UnsecuredLoanMainPage(信用贷款主页) */ = {
			isa = PBXGroup;
			children = (
				C68BFBA81E8B57F50035E876 /* Controller */,
				C68BFBA91E8B57F50035E876 /* Model */,
				C68BFBAA1E8B57F50035E876 /* View */,
				C68BFBAB1E8B57F50035E876 /* ViewModel */,
			);
			name = "UnsecuredLoanMainPage(信用贷款主页)";
			path = UnsecuredLoanMainPage;
			sourceTree = "<group>";
		};
		C68BFBA81E8B57F50035E876 /* Controller */ = {
			isa = PBXGroup;
			children = (
				C68BFBCA1E8B96D30035E876 /* UnsecuredLoanController.h */,
				C68BFBCB1E8B96D30035E876 /* UnsecuredLoanController.m */,
			);
			path = Controller;
			sourceTree = "<group>";
		};
		C68BFBA91E8B57F50035E876 /* Model */ = {
			isa = PBXGroup;
			children = (
				C68BFBC71E8B94950035E876 /* UnsecuredLoanModel.h */,
				C68BFBC81E8B94950035E876 /* UnsecuredLoanModel.m */,
			);
			path = Model;
			sourceTree = "<group>";
		};
		C68BFBAA1E8B57F50035E876 /* View */ = {
			isa = PBXGroup;
			children = (
				C68BFBB51E8B61730035E876 /* UnsecuredLoanView.h */,
				C68BFBB61E8B61730035E876 /* UnsecuredLoanView.m */,
				C68BFBBB1E8B63A70035E876 /* UnsecuredLoanCell.h */,
				C68BFBBC1E8B63A70035E876 /* UnsecuredLoanCell.m */,
			);
			path = View;
			sourceTree = "<group>";
		};
		C68BFBAB1E8B57F50035E876 /* ViewModel */ = {
			isa = PBXGroup;
			children = (
				C68BFBB81E8B62670035E876 /* UnsecuredLoanViewModel.h */,
				C68BFBB91E8B62670035E876 /* UnsecuredLoanViewModel.m */,
			);
			path = ViewModel;
			sourceTree = "<group>";
		};
		C68BFBD01E8BA0880035E876 /* FastLoan(极速贷主页) */ = {
			isa = PBXGroup;
			children = (
				C68BFBD11E8BA0880035E876 /* Controller */,
				C68BFBD21E8BA0880035E876 /* Model */,
				C68BFBD31E8BA0880035E876 /* View */,
				C68BFBD41E8BA0880035E876 /* ViewModel */,
			);
			name = "FastLoan(极速贷主页)";
			path = FastLoan;
			sourceTree = "<group>";
		};
		C68BFBD11E8BA0880035E876 /* Controller */ = {
			isa = PBXGroup;
			children = (
				C68BFBD51E8BA0B70035E876 /* FastLoanController.h */,
				C68BFBD61E8BA0B70035E876 /* FastLoanController.m */,
			);
			path = Controller;
			sourceTree = "<group>";
		};
		C68BFBD21E8BA0880035E876 /* Model */ = {
			isa = PBXGroup;
			children = (
				C68BFBD81E8BA0C90035E876 /* FastLoanModel.h */,
				C68BFBD91E8BA0C90035E876 /* FastLoanModel.m */,
			);
			path = Model;
			sourceTree = "<group>";
		};
		C68BFBD31E8BA0880035E876 /* View */ = {
			isa = PBXGroup;
			children = (
				C68BFBDB1E8BA0D80035E876 /* FastLoanView.h */,
				C68BFBDC1E8BA0D80035E876 /* FastLoanView.m */,
			);
			path = View;
			sourceTree = "<group>";
		};
		C68BFBD41E8BA0880035E876 /* ViewModel */ = {
			isa = PBXGroup;
			children = (
				C68BFBDE1E8BA0EA0035E876 /* FastLoanViewModel.h */,
				C68BFBDF1E8BA0EA0035E876 /* FastLoanViewModel.m */,
			);
			path = ViewModel;
			sourceTree = "<group>";
		};
		C6A549511E8F4A2500F4F6B2 /* Resource */ = {
			isa = PBXGroup;
			children = (
				C6A549651E8F52D100F4F6B2 /* UIViewController+AllPropertys.h */,
				C6A549661E8F52D100F4F6B2 /* UIViewController+AllPropertys.m */,
				C6A549521E8F4A2500F4F6B2 /* OC_UIExtension.h */,
				C6A549531E8F4A2500F4F6B2 /* ParentMaker.h */,
				C6A549541E8F4A2500F4F6B2 /* ParentMaker.m */,
				C6A549551E8F4A2500F4F6B2 /* UIButton+Extension.h */,
				C6A549561E8F4A2500F4F6B2 /* UIButton+Extension.m */,
				C6A549571E8F4A2500F4F6B2 /* UIColor+Extension.h */,
				C6A549581E8F4A2500F4F6B2 /* UIColor+Extension.m */,
				C6A549591E8F4A2500F4F6B2 /* UIImage+Extension.h */,
				C6A5495A1E8F4A2500F4F6B2 /* UIImage+Extension.m */,
				C6A5495B1E8F4A2500F4F6B2 /* UILabel+Extension.h */,
				C6A5495C1E8F4A2500F4F6B2 /* UILabel+Extension.m */,
				C6A5495D1E8F4A2500F4F6B2 /* UIView+Extension.h */,
				C6A5495E1E8F4A2500F4F6B2 /* UIView+Extension.m */,
			);
			path = Resource;
			sourceTree = "<group>";
		};
/* End PBXGroup section */

/* Begin PBXNativeTarget section */
		C68BF9811E8B47EA0035E876 /* 信用贷款 */ = {
			isa = PBXNativeTarget;
			buildConfigurationList = C68BF9991E8B47EB0035E876 /* Build configuration list for PBXNativeTarget "信用贷款" */;
			buildPhases = (
				C68BF97E1E8B47EA0035E876 /* Sources */,
				C68BF97F1E8B47EA0035E876 /* Frameworks */,
				C68BF9801E8B47EA0035E876 /* Resources */,
			);
			buildRules = (
			);
			dependencies = (
			);
			name = "信用贷款";
			productName = "信用贷款";
			productReference = C68BF9821E8B47EA0035E876 /* 信用贷款.app */;
			productType = "com.apple.product-type.application";
		};
/* End PBXNativeTarget section */

/* Begin PBXProject section */
		C68BF97A1E8B47EA0035E876 /* Project object */ = {
			isa = PBXProject;
			attributes = {
				LastUpgradeCheck = 0820;
				ORGANIZATIONNAME = Eter;
				TargetAttributes = {
					C68BF9811E8B47EA0035E876 = {
						CreatedOnToolsVersion = 8.2.1;
						DevelopmentTeam = X34ANAY29B;
						ProvisioningStyle = Automatic;
					};
				};
			};
			buildConfigurationList = C68BF97D1E8B47EA0035E876 /* Build configuration list for PBXProject "信用贷款" */;
			compatibilityVersion = "Xcode 3.2";
			developmentRegion = English;
			hasScannedForEncodings = 0;
			knownRegions = (
				en,
				Base,
			);
			mainGroup = C68BF9791E8B47EA0035E876;
			productRefGroup = C68BF9831E8B47EA0035E876 /* Products */;
			projectDirPath = "";
			projectRoot = "";
			targets = (
				C68BF9811E8B47EA0035E876 /* 信用贷款 */,
			);
		};
/* End PBXProject section */

/* Begin PBXResourcesBuildPhase section */
		C68BF9801E8B47EA0035E876 /* Resources */ = {
			isa = PBXResourcesBuildPhase;
			buildActionMask = 2147483647;
			files = (
				C68BFB7A1E8B57340035E876 /* 63.png in Resources */,
				C68BFB7D1E8B57340035E876 /* 66.png in Resources */,
				C68BFB941E8B57340035E876 /* 提交材料.png in Resources */,
				C68BFB5A1E8B57340035E876 /* 34.png in Resources */,
				C68BFB7C1E8B57340035E876 /* 65.png in Resources */,
				C68BFB481E8B57340035E876 /* 18@2x.png in Resources */,
				C68BFB4F1E8B57340035E876 /* 24.png in Resources */,
				C68BFB741E8B57340035E876 /* 58.png in Resources */,
				C68BFB711E8B57340035E876 /* 55.png in Resources */,
				C68BFB601E8B57340035E876 /* 4.png in Resources */,
				C68BFB5F1E8B57340035E876 /* 39@2x.png in Resources */,
				C68BFB8C1E8B57340035E876 /* 8.png in Resources */,
				C68BFB611E8B57340035E876 /* 40@2x.png in Resources */,
				C68BFB461E8B57340035E876 /* 16.png in Resources */,
				C68BFB921E8B57340035E876 /* 云易贷.png in Resources */,
				C68BFB4A1E8B57340035E876 /* 2.png in Resources */,
				C68BFB501E8B57340035E876 /* 25.png in Resources */,
				C68BFB8E1E8B57340035E876 /* 81.png in Resources */,
				C68BFB471E8B57340035E876 /* 17.png in Resources */,
				C68BFB491E8B57340035E876 /* 19.png in Resources */,
				C68BFB6B1E8B57340035E876 /* 5.png in Resources */,
				C68BFB731E8B57340035E876 /* 57.png in Resources */,
				C68BFB861E8B57340035E876 /* 74.png in Resources */,
				C68BFBA31E8B57340035E876 /* 银行卡拍照.png in Resources */,
				C68BFB7E1E8B57340035E876 /* 67.png in Resources */,
				C68BFB751E8B57340035E876 /* 59.png in Resources */,
				C68BFB671E8B57340035E876 /* 46.png in Resources */,
				C68BFB9F1E8B57340035E876 /* 查看示例.png in Resources */,
				C68BFB561E8B57340035E876 /* 30.png in Resources */,
				C68BFB8F1E8B57340035E876 /* 9.png in Resources */,
				C68BFB4D1E8B57340035E876 /* 22.png in Resources */,
				C68BFABF1E8B4DDC0035E876 /* Info.plist in Resources */,
				C68BFB541E8B57340035E876 /* 29.png in Resources */,
				C68BFB511E8B57340035E876 /* 26.png in Resources */,
				C68BFB521E8B57340035E876 /* 27.png in Resources */,
				C68BFB401E8B57340035E876 /* 10.png in Resources */,
				C68BFB721E8B57340035E876 /* 56.png in Resources */,
				C68BFB701E8B57340035E876 /* 54.png in Resources */,
				C68BFB5D1E8B57340035E876 /* 37.png in Resources */,
				C68BFB441E8B57340035E876 /* 14.png in Resources */,
				C68BFBA21E8B57340035E876 /* 运营商认证.png in Resources */,
				C68BFB901E8B57340035E876 /* 云易贷-已申请.png in Resources */,
				C68BFB691E8B57340035E876 /* 48.png in Resources */,
				C68BFB821E8B57340035E876 /* 70.png in Resources */,
				C68BFB571E8B57340035E876 /* 31.png in Resources */,
				C68BFB651E8B57340035E876 /* 44.png in Resources */,
				C68BFB7F1E8B57340035E876 /* 68.png in Resources */,
				C68BFB9B1E8B57340035E876 /* 支持的银行卡.png in Resources */,
				C68BFB991E8B57340035E876 /* 工作信息.png in Resources */,
				C68BFB771E8B57340035E876 /* 60.png in Resources */,
				C68BFB871E8B57340035E876 /* 75.png in Resources */,
				C68BFB761E8B57340035E876 /* 6.png in Resources */,
				C68BFB851E8B57340035E876 /* 73.png in Resources */,
				C68BFBA51E8B57340035E876 /* 预留手机号说明.png in Resources */,
				C68BFB9D1E8B57340035E876 /* 极速贷-提示完善个人资料.png in Resources */,
				C68BFB791E8B57340035E876 /* 62.png in Resources */,
				C68BFBA01E8B57340035E876 /* 联系信息.png in Resources */,
				C68BFB5E1E8B57340035E876 /* 38.png in Resources */,
				C68BFB531E8B57340035E876 /* 28.png in Resources */,
				C68BFB6F1E8B57340035E876 /* 53.png in Resources */,
				C68BFB451E8B57340035E876 /* 15.png in Resources */,
				C68BFB681E8B57340035E876 /* 47.png in Resources */,
				C68BFB981E8B57340035E876 /* 加分资料.png in Resources */,
				C68BFB8A1E8B57340035E876 /* 78.png in Resources */,
				C68BFB4B1E8B57340035E876 /* 20.png in Resources */,
				C68BFB931E8B57340035E876 /* 云易贷说明.png in Resources */,
				C68BFB581E8B57340035E876 /* 32.png in Resources */,
				C68BFBA11E8B57340035E876 /* 身份认证.png in Resources */,
				C68BFB3E1E8B57340035E876 /* 0.png in Resources */,
				C68BFB641E8B57340035E876 /* 43.png in Resources */,
				C68BFB781E8B57340035E876 /* 61.png in Resources */,
				C68BFB631E8B57340035E876 /* 42.png in Resources */,
				C68BFB661E8B57340035E876 /* 45.png in Resources */,
				C68BFB8D1E8B57340035E876 /* 80.png in Resources */,
				C68BFB891E8B57340035E876 /* 77.png in Resources */,
				C68BFB911E8B57340035E876 /* 云易贷-提示完善个人资料.png in Resources */,
				C68BFB881E8B57340035E876 /* 76.png in Resources */,
				C68BFBA41E8B57340035E876 /* 银行卡认证.png in Resources */,
				C68BFB4E1E8B57340035E876 /* 23.png in Resources */,
				C68BFB551E8B57340035E876 /* 3.png in Resources */,
				C68BFB421E8B57340035E876 /* 12.png in Resources */,
				C68BFB411E8B57340035E876 /* 11.png in Resources */,
				C68BFB6D1E8B57340035E876 /* 51.png in Resources */,
				C68BFB4C1E8B57340035E876 /* 21.png in Resources */,
				C68BFB431E8B57340035E876 /* 13.png in Resources */,
				C68BF9951E8B47EA0035E876 /* LaunchScreen.storyboard in Resources */,
				C68BFB841E8B57340035E876 /* 72.png in Resources */,
				C68BFB6A1E8B57340035E876 /* 49.png in Resources */,
				C68BFB951E8B57340035E876 /* 申请提交.png in Resources */,
				C68BFB6E1E8B57340035E876 /* 52.png in Resources */,
				C68BFB3F1E8B57340035E876 /* 1.png in Resources */,
				C68BFB5C1E8B57340035E876 /* 36.png in Resources */,
				C68BFB9A1E8B57340035E876 /* 急速贷说明.png in Resources */,
				C68BFB811E8B57340035E876 /* 7.png in Resources */,
				C68BFB9E1E8B57340035E876 /* 极速贷.png in Resources */,
				C68BFB6C1E8B57340035E876 /* 50.png in Resources */,
				C68BFB971E8B57340035E876 /* 上传身份证.png in Resources */,
				C68BF9921E8B47EA0035E876 /* Assets.xcassets in Resources */,
				C68BFB801E8B57340035E876 /* 69.png in Resources */,
				C68BFB5B1E8B57340035E876 /* 35.png in Resources */,
				C68BFB831E8B57340035E876 /* 71.png in Resources */,
				C68BFB9C1E8B57340035E876 /* 极速贷-已申请.png in Resources */,
				C68BFB621E8B57340035E876 /* 41.png in Resources */,
				C68BFB7B1E8B57340035E876 /* 64.png in Resources */,
				C68BFB8B1E8B57340035E876 /* 79.png in Resources */,
				C68BF9901E8B47EA0035E876 /* Main.storyboard in Resources */,
				C68BFB591E8B57340035E876 /* 33.png in Resources */,
				C68BFB961E8B57340035E876 /* 信用贷款.png in Resources */,
			);
			runOnlyForDeploymentPostprocessing = 0;
		};
/* End PBXResourcesBuildPhase section */

/* Begin PBXSourcesBuildPhase section */
		C68BF97E1E8B47EA0035E876 /* Sources */ = {
			isa = PBXSourcesBuildPhase;
			buildActionMask = 2147483647;
			files = (
				C6A549671E8F52D100F4F6B2 /* UIViewController+AllPropertys.m in Sources */,
				C68BFAC21E8B4DDC0035E876 /* MASConstraintMaker.m in Sources */,
				C68BFBCC1E8B96D30035E876 /* UnsecuredLoanController.m in Sources */,
				C68BFAA01E8B4D840035E876 /* Router.m in Sources */,
				C68BFBC91E8B94950035E876 /* UnsecuredLoanModel.m in Sources */,
				C68BF98D1E8B47EA0035E876 /* ViewController.m in Sources */,
				C68BFBC61E8B940A0035E876 /* ParentModel.m in Sources */,
				C6A549641E8F4A2500F4F6B2 /* UIView+Extension.m in Sources */,
				C68BFAC11E8B4DDC0035E876 /* MASConstraint.m in Sources */,
				C67E3B5C1E8C8EEB00BFC4B0 /* FastLoanExplainView.m in Sources */,
				C68BFBDA1E8BA0C90035E876 /* FastLoanModel.m in Sources */,
				C68BFBB41E8B60CC0035E876 /* ParentView.m in Sources */,
				C68BFBB71E8B61730035E876 /* UnsecuredLoanView.m in Sources */,
				C67E3B561E8C8ECD00BFC4B0 /* FastLoanExplainController.m in Sources */,
				C68BFBBD1E8B63A70035E876 /* UnsecuredLoanCell.m in Sources */,
				C68BFAC91E8B4DDC0035E876 /* ViewController+MASAdditions.m in Sources */,
				C68BFAC31E8B4DDC0035E876 /* MASLayoutConstraint.m in Sources */,
				C6A549621E8F4A2500F4F6B2 /* UIImage+Extension.m in Sources */,
				C68BFAC61E8B4DDC0035E876 /* NSArray+MASAdditions.m in Sources */,
				C68BFAC51E8B4DDC0035E876 /* MASViewConstraint.m in Sources */,
				C6A549611E8F4A2500F4F6B2 /* UIColor+Extension.m in Sources */,
				C68BFBE01E8BA0EA0035E876 /* FastLoanViewModel.m in Sources */,
				C68BFBBA1E8B62670035E876 /* UnsecuredLoanViewModel.m in Sources */,
				C68BFBD71E8BA0B70035E876 /* FastLoanController.m in Sources */,
				C6A5495F1E8F4A2500F4F6B2 /* ParentMaker.m in Sources */,
				C6A549601E8F4A2500F4F6B2 /* UIButton+Extension.m in Sources */,
				C67E3B5F1E8C8EFD00BFC4B0 /* FastLoanExplainViewModel.m in Sources */,
				C6A549631E8F4A2500F4F6B2 /* UILabel+Extension.m in Sources */,
				C67E3B591E8C8EDD00BFC4B0 /* FastLoanExplainModel.m in Sources */,
				C68BFAC41E8B4DDC0035E876 /* MASViewAttribute.m in Sources */,
				C68BFBAE1E8B59130035E876 /* ParentController.m in Sources */,
				C68BFBDD1E8BA0D80035E876 /* FastLoanView.m in Sources */,
				C68BFAC81E8B4DDC0035E876 /* View+MASAdditions.m in Sources */,
				C68BF98A1E8B47EA0035E876 /* AppDelegate.m in Sources */,
				C68BF9871E8B47EA0035E876 /* main.m in Sources */,
				C68BFBB11E8B59850035E876 /* MainNavigationController.m in Sources */,
				C68BFAD11E8B551B0035E876 /* BViewController.m in Sources */,
				C68BFAC01E8B4DDC0035E876 /* MASCompositeConstraint.m in Sources */,
				C68BFAC71E8B4DDC0035E876 /* NSLayoutConstraint+MASDebugAdditions.m in Sources */,
			);
			runOnlyForDeploymentPostprocessing = 0;
		};
/* End PBXSourcesBuildPhase section */

/* Begin PBXVariantGroup section */
		C68BF98E1E8B47EA0035E876 /* Main.storyboard */ = {
			isa = PBXVariantGroup;
			children = (
				C68BF98F1E8B47EA0035E876 /* Base */,
			);
			name = Main.storyboard;
			sourceTree = "<group>";
		};
		C68BF9931E8B47EA0035E876 /* LaunchScreen.storyboard */ = {
			isa = PBXVariantGroup;
			children = (
				C68BF9941E8B47EA0035E876 /* Base */,
			);
			name = LaunchScreen.storyboard;
			sourceTree = "<group>";
		};
/* End PBXVariantGroup section */

/* Begin XCBuildConfiguration section */
		C68BF9971E8B47EB0035E876 /* Debug */ = {
			isa = XCBuildConfiguration;
			buildSettings = {
				ALWAYS_SEARCH_USER_PATHS = NO;
				CLANG_ANALYZER_NONNULL = YES;
				CLANG_CXX_LANGUAGE_STANDARD = "gnu++0x";
				CLANG_CXX_LIBRARY = "libc++";
				CLANG_ENABLE_MODULES = YES;
				CLANG_ENABLE_OBJC_ARC = YES;
				CLANG_WARN_BOOL_CONVERSION = YES;
				CLANG_WARN_CONSTANT_CONVERSION = YES;
				CLANG_WARN_DIRECT_OBJC_ISA_USAGE = YES_ERROR;
				CLANG_WARN_DOCUMENTATION_COMMENTS = YES;
				CLANG_WARN_EMPTY_BODY = YES;
				CLANG_WARN_ENUM_CONVERSION = YES;
				CLANG_WARN_INFINITE_RECURSION = YES;
				CLANG_WARN_INT_CONVERSION = YES;
				CLANG_WARN_OBJC_ROOT_CLASS = YES_ERROR;
				CLANG_WARN_SUSPICIOUS_MOVE = YES;
				CLANG_WARN_UNREACHABLE_CODE = YES;
				CLANG_WARN__DUPLICATE_METHOD_MATCH = YES;
				"CODE_SIGN_IDENTITY[sdk=iphoneos*]" = "iPhone Developer";
				COPY_PHASE_STRIP = NO;
				DEBUG_INFORMATION_FORMAT = dwarf;
				ENABLE_STRICT_OBJC_MSGSEND = YES;
				ENABLE_TESTABILITY = YES;
				GCC_C_LANGUAGE_STANDARD = gnu99;
				GCC_DYNAMIC_NO_PIC = NO;
				GCC_NO_COMMON_BLOCKS = YES;
				GCC_OPTIMIZATION_LEVEL = 0;
				GCC_PREPROCESSOR_DEFINITIONS = (
					"DEBUG=1",
					"$(inherited)",
				);
				GCC_WARN_64_TO_32_BIT_CONVERSION = YES;
				GCC_WARN_ABOUT_RETURN_TYPE = YES_ERROR;
				GCC_WARN_UNDECLARED_SELECTOR = YES;
				GCC_WARN_UNINITIALIZED_AUTOS = YES_AGGRESSIVE;
				GCC_WARN_UNUSED_FUNCTION = YES;
				GCC_WARN_UNUSED_VARIABLE = YES;
				IPHONEOS_DEPLOYMENT_TARGET = 10.2;
				MTL_ENABLE_DEBUG_INFO = YES;
				ONLY_ACTIVE_ARCH = YES;
				SDKROOT = iphoneos;
			};
			name = Debug;
		};
		C68BF9981E8B47EB0035E876 /* Release */ = {
			isa = XCBuildConfiguration;
			buildSettings = {
				ALWAYS_SEARCH_USER_PATHS = NO;
				CLANG_ANALYZER_NONNULL = YES;
				CLANG_CXX_LANGUAGE_STANDARD = "gnu++0x";
				CLANG_CXX_LIBRARY = "libc++";
				CLANG_ENABLE_MODULES = YES;
				CLANG_ENABLE_OBJC_ARC = YES;
				CLANG_WARN_BOOL_CONVERSION = YES;
				CLANG_WARN_CONSTANT_CONVERSION = YES;
				CLANG_WARN_DIRECT_OBJC_ISA_USAGE = YES_ERROR;
				CLANG_WARN_DOCUMENTATION_COMMENTS = YES;
				CLANG_WARN_EMPTY_BODY = YES;
				CLANG_WARN_ENUM_CONVERSION = YES;
				CLANG_WARN_INFINITE_RECURSION = YES;
				CLANG_WARN_INT_CONVERSION = YES;
				CLANG_WARN_OBJC_ROOT_CLASS = YES_ERROR;
				CLANG_WARN_SUSPICIOUS_MOVE = YES;
				CLANG_WARN_UNREACHABLE_CODE = YES;
				CLANG_WARN__DUPLICATE_METHOD_MATCH = YES;
				"CODE_SIGN_IDENTITY[sdk=iphoneos*]" = "iPhone Developer";
				COPY_PHASE_STRIP = NO;
				DEBUG_INFORMATION_FORMAT = "dwarf-with-dsym";
				ENABLE_NS_ASSERTIONS = NO;
				ENABLE_STRICT_OBJC_MSGSEND = YES;
				GCC_C_LANGUAGE_STANDARD = gnu99;
				GCC_NO_COMMON_BLOCKS = YES;
				GCC_WARN_64_TO_32_BIT_CONVERSION = YES;
				GCC_WARN_ABOUT_RETURN_TYPE = YES_ERROR;
				GCC_WARN_UNDECLARED_SELECTOR = YES;
				GCC_WARN_UNINITIALIZED_AUTOS = YES_AGGRESSIVE;
				GCC_WARN_UNUSED_FUNCTION = YES;
				GCC_WARN_UNUSED_VARIABLE = YES;
				IPHONEOS_DEPLOYMENT_TARGET = 10.2;
				MTL_ENABLE_DEBUG_INFO = NO;
				SDKROOT = iphoneos;
				VALIDATE_PRODUCT = YES;
			};
			name = Release;
		};
		C68BF99A1E8B47EB0035E876 /* Debug */ = {
			isa = XCBuildConfiguration;
			buildSettings = {
				ASSETCATALOG_COMPILER_APPICON_NAME = AppIcon;
				DEVELOPMENT_TEAM = X34ANAY29B;
				GCC_PRECOMPILE_PREFIX_HEADER = YES;
				GCC_PREFIX_HEADER = "/Users/Hoa/Desktop/ET/信用贷款/信用贷款/PrefixHeader.pch";
				INFOPLIST_FILE = "信用贷款/Info.plist";
				IPHONEOS_DEPLOYMENT_TARGET = 8.1;
				LD_RUNPATH_SEARCH_PATHS = "$(inherited) @executable_path/Frameworks";
				PRODUCT_BUNDLE_IDENTIFIER = "eter.----";
				PRODUCT_NAME = "$(TARGET_NAME)";
			};
			name = Debug;
		};
		C68BF99B1E8B47EB0035E876 /* Release */ = {
			isa = XCBuildConfiguration;
			buildSettings = {
				ASSETCATALOG_COMPILER_APPICON_NAME = AppIcon;
				DEVELOPMENT_TEAM = X34ANAY29B;
				GCC_PRECOMPILE_PREFIX_HEADER = YES;
				GCC_PREFIX_HEADER = "/Users/Hoa/Desktop/ET/信用贷款/信用贷款/PrefixHeader.pch";
				INFOPLIST_FILE = "信用贷款/Info.plist";
				IPHONEOS_DEPLOYMENT_TARGET = 8.1;
				LD_RUNPATH_SEARCH_PATHS = "$(inherited) @executable_path/Frameworks";
				PRODUCT_BUNDLE_IDENTIFIER = "eter.----";
				PRODUCT_NAME = "$(TARGET_NAME)";
			};
			name = Release;
		};
/* End XCBuildConfiguration section */

/* Begin XCConfigurationList section */
		C68BF97D1E8B47EA0035E876 /* Build configuration list for PBXProject "信用贷款" */ = {
			isa = XCConfigurationList;
			buildConfigurations = (
				C68BF9971E8B47EB0035E876 /* Debug */,
				C68BF9981E8B47EB0035E876 /* Release */,
			);
			defaultConfigurationIsVisible = 0;
			defaultConfigurationName = Release;
		};
		C68BF9991E8B47EB0035E876 /* Build configuration list for PBXNativeTarget "信用贷款" */ = {
			isa = XCConfigurationList;
			buildConfigurations = (
				C68BF99A1E8B47EB0035E876 /* Debug */,
				C68BF99B1E8B47EB0035E876 /* Release */,
			);
			defaultConfigurationIsVisible = 0;
			defaultConfigurationName = Release;
		};
/* End XCConfigurationList section */
	};
	rootObject = C68BF97A1E8B47EA0035E876 /* Project object */;
}
